// !$*UTF8*$!
{
	archiveVersion = 1;
	classes = {
	};
	objectVersion = 55;
	objects = {

/* Begin PBXBuildFile section */
		CBB0358C2796BBCE007F51D2 /* ManagedAppConfig.swift in Sources */ = {isa = PBXBuildFile; fileRef = CBB0358B2796BBCE007F51D2 /* ManagedAppConfig.swift */; };
		CBB0358D2796BBCE007F51D2 /* ManagedAppConfig.swift in Sources */ = {isa = PBXBuildFile; fileRef = CBB0358B2796BBCE007F51D2 /* ManagedAppConfig.swift */; };
		CBD43E1F27756D3700039737 /* Assets.xcassets in Resources */ = {isa = PBXBuildFile; fileRef = CBD43E0D27756D3700039737 /* Assets.xcassets */; };
		CBD43E2027756D3700039737 /* Assets.xcassets in Resources */ = {isa = PBXBuildFile; fileRef = CBD43E0D27756D3700039737 /* Assets.xcassets */; };
		CBD43E2F27756F2800039737 /* ScrubApp.swift in Sources */ = {isa = PBXBuildFile; fileRef = CBD43E2D27756F2800039737 /* ScrubApp.swift */; };
		CBD43E3627756F6C00039737 /* Main.storyboard in Resources */ = {isa = PBXBuildFile; fileRef = CBD43E3227756F6C00039737 /* Main.storyboard */; };
		CBD43E3727756F6C00039737 /* MainViewController.swift in Sources */ = {isa = PBXBuildFile; fileRef = CBD43E3427756F6C00039737 /* MainViewController.swift */; };
		CBD43E3827756F6C00039737 /* AppDelegate.swift in Sources */ = {isa = PBXBuildFile; fileRef = CBD43E3527756F6C00039737 /* AppDelegate.swift */; };
		CBD43E462775748F00039737 /* Preferences.swift in Sources */ = {isa = PBXBuildFile; fileRef = CBD43E392775748F00039737 /* Preferences.swift */; };
		CBD43E472775748F00039737 /* Preferences.swift in Sources */ = {isa = PBXBuildFile; fileRef = CBD43E392775748F00039737 /* Preferences.swift */; };
		CBD43E4C2775748F00039737 /* Localizable.strings in Resources */ = {isa = PBXBuildFile; fileRef = CBD43E3D2775748F00039737 /* Localizable.strings */; };
		CBD43E4D2775748F00039737 /* Localizable.strings in Resources */ = {isa = PBXBuildFile; fileRef = CBD43E3D2775748F00039737 /* Localizable.strings */; };
		CBD43E4E2775748F00039737 /* InfoPlist.strings in Resources */ = {isa = PBXBuildFile; fileRef = CBD43E3F2775748F00039737 /* InfoPlist.strings */; };
		CBD43E4F2775748F00039737 /* InfoPlist.strings in Resources */ = {isa = PBXBuildFile; fileRef = CBD43E3F2775748F00039737 /* InfoPlist.strings */; };
		CBD43E502775748F00039737 /* Localizable.strings in Resources */ = {isa = PBXBuildFile; fileRef = CBD43E422775748F00039737 /* Localizable.strings */; };
		CBD43E512775748F00039737 /* Localizable.strings in Resources */ = {isa = PBXBuildFile; fileRef = CBD43E422775748F00039737 /* Localizable.strings */; };
		CBD43E522775748F00039737 /* InfoPlist.strings in Resources */ = {isa = PBXBuildFile; fileRef = CBD43E442775748F00039737 /* InfoPlist.strings */; };
		CBD43E532775748F00039737 /* InfoPlist.strings in Resources */ = {isa = PBXBuildFile; fileRef = CBD43E442775748F00039737 /* InfoPlist.strings */; };
		CBD43E5C277574AE00039737 /* PreferencesView.swift in Sources */ = {isa = PBXBuildFile; fileRef = CBD43E54277574AE00039737 /* PreferencesView.swift */; };
		CBD43E5E277574AE00039737 /* CircleProgressView.swift in Sources */ = {isa = PBXBuildFile; fileRef = CBD43E56277574AE00039737 /* CircleProgressView.swift */; };
		CBD43E5F277574AE00039737 /* Settings.bundle in Resources */ = {isa = PBXBuildFile; fileRef = CBD43E57277574AE00039737 /* Settings.bundle */; };
		CBD43E60277574AE00039737 /* WebView.swift in Sources */ = {isa = PBXBuildFile; fileRef = CBD43E58277574AE00039737 /* WebView.swift */; };
		CBD43E61277574AE00039737 /* AlertController.swift in Sources */ = {isa = PBXBuildFile; fileRef = CBD43E59277574AE00039737 /* AlertController.swift */; };
		CBD43E62277574AE00039737 /* ActivityView.swift in Sources */ = {isa = PBXBuildFile; fileRef = CBD43E5A277574AE00039737 /* ActivityView.swift */; };
		CBD43E63277574AE00039737 /* MainView.swift in Sources */ = {isa = PBXBuildFile; fileRef = CBD43E5B277574AE00039737 /* MainView.swift */; };
		CBD43E69277574F800039737 /* ScratchWebKit in Frameworks */ = {isa = PBXBuildFile; productRef = CBD43E68277574F800039737 /* ScratchWebKit */; };
		CBD43EB12776037C00039737 /* ScratchWebKit.framework in Frameworks */ = {isa = PBXBuildFile; fileRef = CBD43E9F277601FB00039737 /* ScratchWebKit.framework */; };
		CBD43EB22776037C00039737 /* ScratchWebKit.framework in Embed Frameworks */ = {isa = PBXBuildFile; fileRef = CBD43E9F277601FB00039737 /* ScratchWebKit.framework */; settings = {ATTRIBUTES = (CodeSignOnCopy, RemoveHeadersOnCopy, ); }; };
		CBD43EC12776137900039737 /* WebViewController.swift in Sources */ = {isa = PBXBuildFile; fileRef = CBD43EBA2776137900039737 /* WebViewController.swift */; };
		CBD43EC22776137900039737 /* ViewController.swift in Sources */ = {isa = PBXBuildFile; fileRef = CBD43EBB2776137900039737 /* ViewController.swift */; };
		CBD43EC42776137900039737 /* Localizable.strings in Resources */ = {isa = PBXBuildFile; fileRef = CBD43EBE2776137900039737 /* Localizable.strings */; };
		CBD43ED02776154500039737 /* ScratchLink.framework in Frameworks */ = {isa = PBXBuildFile; fileRef = CBD43ECA2776154500039737 /* ScratchLink.framework */; };
		CBD43ED12776154500039737 /* ScratchLink.framework in Embed Frameworks */ = {isa = PBXBuildFile; fileRef = CBD43ECA2776154500039737 /* ScratchLink.framework */; settings = {ATTRIBUTES = (CodeSignOnCopy, RemoveHeadersOnCopy, ); }; };
		CBD43EF02776156700039737 /* PerfectWebSockets.framework in Frameworks */ = {isa = PBXBuildFile; fileRef = CBD43EEA2776156700039737 /* PerfectWebSockets.framework */; };
		CBD43EF12776156700039737 /* PerfectWebSockets.framework in Embed Frameworks */ = {isa = PBXBuildFile; fileRef = CBD43EEA2776156700039737 /* PerfectWebSockets.framework */; settings = {ATTRIBUTES = (CodeSignOnCopy, RemoveHeadersOnCopy, ); }; };
		CBD43F0D2776160900039737 /* ScratchLink.swift in Sources */ = {isa = PBXBuildFile; fileRef = CBD43EF52776160900039737 /* ScratchLink.swift */; };
		CBD43F0E2776160900039737 /* WebSocket.swift in Sources */ = {isa = PBXBuildFile; fileRef = CBD43EF62776160900039737 /* WebSocket.swift */; };
		CBD43F0F2776160900039737 /* JavaScriptLoader.swift in Sources */ = {isa = PBXBuildFile; fileRef = CBD43EF72776160900039737 /* JavaScriptLoader.swift */; };
		CBD43F102776160900039737 /* Localizable.strings in Resources */ = {isa = PBXBuildFile; fileRef = CBD43EF92776160900039737 /* Localizable.strings */; };
		CBD43F112776160900039737 /* inject-scratch-link.js in Resources */ = {isa = PBXBuildFile; fileRef = CBD43EFC2776160900039737 /* inject-scratch-link.js */; };
		CBD43F122776160900039737 /* BLESession.swift in Sources */ = {isa = PBXBuildFile; fileRef = CBD43EFE2776160900039737 /* BLESession.swift */; };
		CBD43F142776160900039737 /* JSONRPCError.swift in Sources */ = {isa = PBXBuildFile; fileRef = CBD43F002776160900039737 /* JSONRPCError.swift */; };
		CBD43F152776160900039737 /* RSSI.swift in Sources */ = {isa = PBXBuildFile; fileRef = CBD43F012776160900039737 /* RSSI.swift */; };
		CBD43F172776160900039737 /* DispatchSemaphore.swift in Sources */ = {isa = PBXBuildFile; fileRef = CBD43F032776160900039737 /* DispatchSemaphore.swift */; };
		CBD43F182776160900039737 /* GATTHelpers.swift in Sources */ = {isa = PBXBuildFile; fileRef = CBD43F042776160900039737 /* GATTHelpers.swift */; };
		CBD43F1B2776160900039737 /* IOBluetoothDeviceInquiryDelegateHelper.swift in Sources */ = {isa = PBXBuildFile; fileRef = CBD43F072776160900039737 /* IOBluetoothDeviceInquiryDelegateHelper.swift */; };
		CBD43F1D2776160900039737 /* CBCentralManagerDelegateHelper.swift in Sources */ = {isa = PBXBuildFile; fileRef = CBD43F092776160900039737 /* CBCentralManagerDelegateHelper.swift */; };
		CBD43F1E2776160900039737 /* EncodingHelpers.swift in Sources */ = {isa = PBXBuildFile; fileRef = CBD43F0A2776160900039737 /* EncodingHelpers.swift */; };
		CBD43F1F2776160900039737 /* BTSession.swift in Sources */ = {isa = PBXBuildFile; fileRef = CBD43F0B2776160900039737 /* BTSession.swift */; };
		CBD43F202776160900039737 /* CBPeripheralDelegateHelper.swift in Sources */ = {isa = PBXBuildFile; fileRef = CBD43F0C2776160900039737 /* CBPeripheralDelegateHelper.swift */; };
		CBD43F292776169500039737 /* PerfectWebSockets.framework in Frameworks */ = {isa = PBXBuildFile; fileRef = CBD43EEA2776156700039737 /* PerfectWebSockets.framework */; };
		CBD43F2A2776169500039737 /* PerfectWebSockets.framework in Embed Frameworks */ = {isa = PBXBuildFile; fileRef = CBD43EEA2776156700039737 /* PerfectWebSockets.framework */; settings = {ATTRIBUTES = (CodeSignOnCopy, RemoveHeadersOnCopy, ); }; };
		CBD43F372776172600039737 /* Session.swift in Sources */ = {isa = PBXBuildFile; fileRef = CBD43F362776172600039737 /* Session.swift */; };
		CBD43F3B277619EA00039737 /* Dummy.swift in Sources */ = {isa = PBXBuildFile; fileRef = CBD43F3A277619EA00039737 /* Dummy.swift */; };
		CBD43F3D27761A7200039737 /* View.swift in Sources */ = {isa = PBXBuildFile; fileRef = CBD43F3C27761A7200039737 /* View.swift */; };
		CBD43F3F27761B1200039737 /* ScratchWebViewController.swift in Sources */ = {isa = PBXBuildFile; fileRef = CBD43F3E27761B1200039737 /* ScratchWebViewController.swift */; };
		CBD43F4027761B4400039737 /* ScratchLink.framework in Frameworks */ = {isa = PBXBuildFile; fileRef = CBD43ECA2776154500039737 /* ScratchLink.framework */; };
		CBD43F4127761B4400039737 /* ScratchLink.framework in Embed Frameworks */ = {isa = PBXBuildFile; fileRef = CBD43ECA2776154500039737 /* ScratchLink.framework */; settings = {ATTRIBUTES = (CodeSignOnCopy, RemoveHeadersOnCopy, ); }; };
		CBD43F492776225400039737 /* BundleLoader.swift in Sources */ = {isa = PBXBuildFile; fileRef = CBD43F482776225300039737 /* BundleLoader.swift */; };
		CBD43F4B2776231600039737 /* BundleLoader.swift in Sources */ = {isa = PBXBuildFile; fileRef = CBD43F4A2776231600039737 /* BundleLoader.swift */; };
		CBDF31AB27C1019800C71A09 /* Credits.rtf in Resources */ = {isa = PBXBuildFile; fileRef = CBDF31A927C1019800C71A09 /* Credits.rtf */; };
		CBDF31AD27C12ABA00C71A09 /* WebViewModel.swift in Sources */ = {isa = PBXBuildFile; fileRef = CBDF31AC27C12ABA00C71A09 /* WebViewModel.swift */; };
		CBDF31AE27C12ABA00C71A09 /* WebViewModel.swift in Sources */ = {isa = PBXBuildFile; fileRef = CBDF31AC27C12ABA00C71A09 /* WebViewModel.swift */; };
		CBDF31B127C12AC800C71A09 /* index.html in Resources */ = {isa = PBXBuildFile; fileRef = CBDF31AF27C12AC800C71A09 /* index.html */; };
		CBDF31B427C12AF700C71A09 /* LocalDocumentsManager.swift in Sources */ = {isa = PBXBuildFile; fileRef = CBDF31B327C12AF700C71A09 /* LocalDocumentsManager.swift */; };
		CBDF31B527C12AFC00C71A09 /* LocalDocumentsManager.swift in Sources */ = {isa = PBXBuildFile; fileRef = CBDF31B327C12AF700C71A09 /* LocalDocumentsManager.swift */; };
		CBDF31B727C1324200C71A09 /* PreferencesViewController.swift in Sources */ = {isa = PBXBuildFile; fileRef = CBDF31B627C1324200C71A09 /* PreferencesViewController.swift */; };
		CBF6C69827788EAE00548AA8 /* MainToolbar.swift in Sources */ = {isa = PBXBuildFile; fileRef = CBF6C69727788EAE00548AA8 /* MainToolbar.swift */; };
		CBF6C69B2778C6F500548AA8 /* MainWindowController.swift in Sources */ = {isa = PBXBuildFile; fileRef = CBF6C69A2778C6F500548AA8 /* MainWindowController.swift */; };
/* End PBXBuildFile section */

/* Begin PBXContainerItemProxy section */
		CBD43EB32776037C00039737 /* PBXContainerItemProxy */ = {
			isa = PBXContainerItemProxy;
			containerPortal = CBD43E0627756D3400039737 /* Project object */;
			proxyType = 1;
			remoteGlobalIDString = CBD43E9E277601FB00039737;
			remoteInfo = "ScratchWebKit (macOS)";
		};
		CBD43ECE2776154500039737 /* PBXContainerItemProxy */ = {
			isa = PBXContainerItemProxy;
			containerPortal = CBD43E0627756D3400039737 /* Project object */;
			proxyType = 1;
			remoteGlobalIDString = CBD43EC92776154500039737;
			remoteInfo = ScratchLink;
		};
		CBD43EEE2776156700039737 /* PBXContainerItemProxy */ = {
			isa = PBXContainerItemProxy;
			containerPortal = CBD43E0627756D3400039737 /* Project object */;
			proxyType = 1;
			remoteGlobalIDString = CBD43EE92776156700039737;
			remoteInfo = PerfectWebSockets;
		};
		CBD43F2B2776169500039737 /* PBXContainerItemProxy */ = {
			isa = PBXContainerItemProxy;
			containerPortal = CBD43E0627756D3400039737 /* Project object */;
			proxyType = 1;
			remoteGlobalIDString = CBD43EE92776156700039737;
			remoteInfo = "PerfectWebSockets (macOS)";
		};
		CBD43F4227761B4400039737 /* PBXContainerItemProxy */ = {
			isa = PBXContainerItemProxy;
			containerPortal = CBD43E0627756D3400039737 /* Project object */;
			proxyType = 1;
			remoteGlobalIDString = CBD43EC92776154500039737;
			remoteInfo = "ScratchLink (macOS)";
		};
/* End PBXContainerItemProxy section */

/* Begin PBXCopyFilesBuildPhase section */
		CBD43EB52776037C00039737 /* Embed Frameworks */ = {
			isa = PBXCopyFilesBuildPhase;
			buildActionMask = 2147483647;
			dstPath = "";
			dstSubfolderSpec = 10;
			files = (
				CBD43EB22776037C00039737 /* ScratchWebKit.framework in Embed Frameworks */,
				CBD43ED12776154500039737 /* ScratchLink.framework in Embed Frameworks */,
				CBD43EF12776156700039737 /* PerfectWebSockets.framework in Embed Frameworks */,
			);
			name = "Embed Frameworks";
			runOnlyForDeploymentPostprocessing = 0;
		};
		CBD43F2D2776169600039737 /* Embed Frameworks */ = {
			isa = PBXCopyFilesBuildPhase;
			buildActionMask = 2147483647;
			dstPath = "";
			dstSubfolderSpec = 10;
			files = (
				CBD43F2A2776169500039737 /* PerfectWebSockets.framework in Embed Frameworks */,
			);
			name = "Embed Frameworks";
			runOnlyForDeploymentPostprocessing = 0;
		};
		CBD43F4427761B4400039737 /* Embed Frameworks */ = {
			isa = PBXCopyFilesBuildPhase;
			buildActionMask = 2147483647;
			dstPath = "";
			dstSubfolderSpec = 10;
			files = (
				CBD43F4127761B4400039737 /* ScratchLink.framework in Embed Frameworks */,
			);
			name = "Embed Frameworks";
			runOnlyForDeploymentPostprocessing = 0;
		};
/* End PBXCopyFilesBuildPhase section */

/* Begin PBXFileReference section */
		CBB0358B2796BBCE007F51D2 /* ManagedAppConfig.swift */ = {isa = PBXFileReference; fileEncoding = 4; lastKnownFileType = sourcecode.swift; path = ManagedAppConfig.swift; sourceTree = "<group>"; };
		CBD43E0D27756D3700039737 /* Assets.xcassets */ = {isa = PBXFileReference; lastKnownFileType = folder.assetcatalog; path = Assets.xcassets; sourceTree = "<group>"; };
		CBD43E1227756D3700039737 /* Scrub.app */ = {isa = PBXFileReference; explicitFileType = wrapper.application; includeInIndex = 0; path = Scrub.app; sourceTree = BUILT_PRODUCTS_DIR; };
		CBD43E1827756D3700039737 /* Scrub.app */ = {isa = PBXFileReference; explicitFileType = wrapper.application; includeInIndex = 0; path = Scrub.app; sourceTree = BUILT_PRODUCTS_DIR; };
		CBD43E1A27756D3700039737 /* macOS.entitlements */ = {isa = PBXFileReference; lastKnownFileType = text.plist.entitlements; path = macOS.entitlements; sourceTree = "<group>"; };
		CBD43E2D27756F2800039737 /* ScrubApp.swift */ = {isa = PBXFileReference; fileEncoding = 4; lastKnownFileType = sourcecode.swift; path = ScrubApp.swift; sourceTree = "<group>"; };
		CBD43E3327756F6C00039737 /* Base */ = {isa = PBXFileReference; lastKnownFileType = file.storyboard; name = Base; path = Main.storyboard; sourceTree = "<group>"; };
		CBD43E3427756F6C00039737 /* MainViewController.swift */ = {isa = PBXFileReference; fileEncoding = 4; lastKnownFileType = sourcecode.swift; path = MainViewController.swift; sourceTree = "<group>"; };
		CBD43E3527756F6C00039737 /* AppDelegate.swift */ = {isa = PBXFileReference; fileEncoding = 4; lastKnownFileType = sourcecode.swift; path = AppDelegate.swift; sourceTree = "<group>"; };
		CBD43E392775748F00039737 /* Preferences.swift */ = {isa = PBXFileReference; fileEncoding = 4; lastKnownFileType = sourcecode.swift; path = Preferences.swift; sourceTree = "<group>"; };
		CBD43E3E2775748F00039737 /* en */ = {isa = PBXFileReference; lastKnownFileType = text.plist.strings; name = en; path = Localizable.strings; sourceTree = "<group>"; };
		CBD43E402775748F00039737 /* en */ = {isa = PBXFileReference; lastKnownFileType = text.plist.strings; name = en; path = InfoPlist.strings; sourceTree = "<group>"; };
		CBD43E432775748F00039737 /* ja */ = {isa = PBXFileReference; lastKnownFileType = text.plist.strings; name = ja; path = Localizable.strings; sourceTree = "<group>"; };
		CBD43E452775748F00039737 /* ja */ = {isa = PBXFileReference; lastKnownFileType = text.plist.strings; name = ja; path = InfoPlist.strings; sourceTree = "<group>"; };
		CBD43E54277574AE00039737 /* PreferencesView.swift */ = {isa = PBXFileReference; fileEncoding = 4; lastKnownFileType = sourcecode.swift; path = PreferencesView.swift; sourceTree = "<group>"; };
		CBD43E56277574AE00039737 /* CircleProgressView.swift */ = {isa = PBXFileReference; fileEncoding = 4; lastKnownFileType = sourcecode.swift; path = CircleProgressView.swift; sourceTree = "<group>"; };
		CBD43E57277574AE00039737 /* Settings.bundle */ = {isa = PBXFileReference; lastKnownFileType = "wrapper.plug-in"; path = Settings.bundle; sourceTree = "<group>"; };
		CBD43E58277574AE00039737 /* WebView.swift */ = {isa = PBXFileReference; fileEncoding = 4; lastKnownFileType = sourcecode.swift; path = WebView.swift; sourceTree = "<group>"; };
		CBD43E59277574AE00039737 /* AlertController.swift */ = {isa = PBXFileReference; fileEncoding = 4; lastKnownFileType = sourcecode.swift; path = AlertController.swift; sourceTree = "<group>"; };
		CBD43E5A277574AE00039737 /* ActivityView.swift */ = {isa = PBXFileReference; fileEncoding = 4; lastKnownFileType = sourcecode.swift; path = ActivityView.swift; sourceTree = "<group>"; };
		CBD43E5B277574AE00039737 /* MainView.swift */ = {isa = PBXFileReference; fileEncoding = 4; lastKnownFileType = sourcecode.swift; path = MainView.swift; sourceTree = "<group>"; };
		CBD43E65277574C500039737 /* ScratchWebKit */ = {isa = PBXFileReference; lastKnownFileType = wrapper; path = ScratchWebKit; sourceTree = "<group>"; };
		CBD43E6B2775908000039737 /* Info.plist */ = {isa = PBXFileReference; fileEncoding = 4; lastKnownFileType = text.plist.xml; path = Info.plist; sourceTree = "<group>"; };
		CBD43E6D2775908000039737 /* Info.plist */ = {isa = PBXFileReference; fileEncoding = 4; lastKnownFileType = text.plist.xml; path = Info.plist; sourceTree = "<group>"; };
		CBD43E9F277601FB00039737 /* ScratchWebKit.framework */ = {isa = PBXFileReference; explicitFileType = wrapper.framework; includeInIndex = 0; path = ScratchWebKit.framework; sourceTree = BUILT_PRODUCTS_DIR; };
		CBD43EBA2776137900039737 /* WebViewController.swift */ = {isa = PBXFileReference; fileEncoding = 4; lastKnownFileType = sourcecode.swift; path = WebViewController.swift; sourceTree = "<group>"; };
		CBD43EBB2776137900039737 /* ViewController.swift */ = {isa = PBXFileReference; fileEncoding = 4; lastKnownFileType = sourcecode.swift; path = ViewController.swift; sourceTree = "<group>"; };
		CBD43EBF2776137900039737 /* ja */ = {isa = PBXFileReference; lastKnownFileType = text.plist.strings; name = ja; path = ja.lproj/Localizable.strings; sourceTree = "<group>"; };
		CBD43EC02776137900039737 /* en */ = {isa = PBXFileReference; lastKnownFileType = text.plist.strings; name = en; path = en.lproj/Localizable.strings; sourceTree = "<group>"; };
		CBD43ECA2776154500039737 /* ScratchLink.framework */ = {isa = PBXFileReference; explicitFileType = wrapper.framework; includeInIndex = 0; path = ScratchLink.framework; sourceTree = BUILT_PRODUCTS_DIR; };
		CBD43EEA2776156700039737 /* PerfectWebSockets.framework */ = {isa = PBXFileReference; explicitFileType = wrapper.framework; includeInIndex = 0; path = PerfectWebSockets.framework; sourceTree = BUILT_PRODUCTS_DIR; };
		CBD43EF52776160900039737 /* ScratchLink.swift */ = {isa = PBXFileReference; fileEncoding = 4; lastKnownFileType = sourcecode.swift; path = ScratchLink.swift; sourceTree = "<group>"; };
		CBD43EF62776160900039737 /* WebSocket.swift */ = {isa = PBXFileReference; fileEncoding = 4; lastKnownFileType = sourcecode.swift; path = WebSocket.swift; sourceTree = "<group>"; };
		CBD43EF72776160900039737 /* JavaScriptLoader.swift */ = {isa = PBXFileReference; fileEncoding = 4; lastKnownFileType = sourcecode.swift; path = JavaScriptLoader.swift; sourceTree = "<group>"; };
		CBD43EFA2776160900039737 /* ja */ = {isa = PBXFileReference; lastKnownFileType = text.plist.strings; name = ja; path = ja.lproj/Localizable.strings; sourceTree = "<group>"; };
		CBD43EFB2776160900039737 /* en */ = {isa = PBXFileReference; lastKnownFileType = text.plist.strings; name = en; path = en.lproj/Localizable.strings; sourceTree = "<group>"; };
		CBD43EFC2776160900039737 /* inject-scratch-link.js */ = {isa = PBXFileReference; fileEncoding = 4; lastKnownFileType = sourcecode.javascript; path = "inject-scratch-link.js"; sourceTree = "<group>"; };
		CBD43EFE2776160900039737 /* BLESession.swift */ = {isa = PBXFileReference; fileEncoding = 4; lastKnownFileType = sourcecode.swift; path = BLESession.swift; sourceTree = "<group>"; };
		CBD43F002776160900039737 /* JSONRPCError.swift */ = {isa = PBXFileReference; fileEncoding = 4; lastKnownFileType = sourcecode.swift; path = JSONRPCError.swift; sourceTree = "<group>"; };
		CBD43F012776160900039737 /* RSSI.swift */ = {isa = PBXFileReference; fileEncoding = 4; lastKnownFileType = sourcecode.swift; path = RSSI.swift; sourceTree = "<group>"; };
		CBD43F032776160900039737 /* DispatchSemaphore.swift */ = {isa = PBXFileReference; fileEncoding = 4; lastKnownFileType = sourcecode.swift; path = DispatchSemaphore.swift; sourceTree = "<group>"; };
		CBD43F042776160900039737 /* GATTHelpers.swift */ = {isa = PBXFileReference; fileEncoding = 4; lastKnownFileType = sourcecode.swift; path = GATTHelpers.swift; sourceTree = "<group>"; };
		CBD43F072776160900039737 /* IOBluetoothDeviceInquiryDelegateHelper.swift */ = {isa = PBXFileReference; fileEncoding = 4; lastKnownFileType = sourcecode.swift; path = IOBluetoothDeviceInquiryDelegateHelper.swift; sourceTree = "<group>"; };
		CBD43F092776160900039737 /* CBCentralManagerDelegateHelper.swift */ = {isa = PBXFileReference; fileEncoding = 4; lastKnownFileType = sourcecode.swift; path = CBCentralManagerDelegateHelper.swift; sourceTree = "<group>"; };
		CBD43F0A2776160900039737 /* EncodingHelpers.swift */ = {isa = PBXFileReference; fileEncoding = 4; lastKnownFileType = sourcecode.swift; path = EncodingHelpers.swift; sourceTree = "<group>"; };
		CBD43F0B2776160900039737 /* BTSession.swift */ = {isa = PBXFileReference; fileEncoding = 4; lastKnownFileType = sourcecode.swift; path = BTSession.swift; sourceTree = "<group>"; };
		CBD43F0C2776160900039737 /* CBPeripheralDelegateHelper.swift */ = {isa = PBXFileReference; fileEncoding = 4; lastKnownFileType = sourcecode.swift; path = CBPeripheralDelegateHelper.swift; sourceTree = "<group>"; };
		CBD43F362776172600039737 /* Session.swift */ = {isa = PBXFileReference; fileEncoding = 4; lastKnownFileType = sourcecode.swift; path = Session.swift; sourceTree = "<group>"; };
		CBD43F3A277619EA00039737 /* Dummy.swift */ = {isa = PBXFileReference; fileEncoding = 4; lastKnownFileType = sourcecode.swift; path = Dummy.swift; sourceTree = "<group>"; };
		CBD43F3C27761A7200039737 /* View.swift */ = {isa = PBXFileReference; lastKnownFileType = sourcecode.swift; path = View.swift; sourceTree = "<group>"; };
		CBD43F3E27761B1200039737 /* ScratchWebViewController.swift */ = {isa = PBXFileReference; fileEncoding = 4; lastKnownFileType = sourcecode.swift; path = ScratchWebViewController.swift; sourceTree = "<group>"; };
		CBD43F482776225300039737 /* BundleLoader.swift */ = {isa = PBXFileReference; lastKnownFileType = sourcecode.swift; path = BundleLoader.swift; sourceTree = "<group>"; };
		CBD43F4A2776231600039737 /* BundleLoader.swift */ = {isa = PBXFileReference; fileEncoding = 4; lastKnownFileType = sourcecode.swift; path = BundleLoader.swift; sourceTree = "<group>"; };
		CBDF31AA27C1019800C71A09 /* Base */ = {isa = PBXFileReference; lastKnownFileType = text.rtf; name = Base; path = Credits.rtf; sourceTree = "<group>"; };
		CBDF31AC27C12ABA00C71A09 /* WebViewModel.swift */ = {isa = PBXFileReference; fileEncoding = 4; lastKnownFileType = sourcecode.swift; path = WebViewModel.swift; sourceTree = "<group>"; };
		CBDF31AF27C12AC800C71A09 /* index.html */ = {isa = PBXFileReference; fileEncoding = 4; lastKnownFileType = text.html; path = index.html; sourceTree = "<group>"; };
		CBDF31B327C12AF700C71A09 /* LocalDocumentsManager.swift */ = {isa = PBXFileReference; fileEncoding = 4; lastKnownFileType = sourcecode.swift; path = LocalDocumentsManager.swift; sourceTree = "<group>"; };
		CBDF31B627C1324200C71A09 /* PreferencesViewController.swift */ = {isa = PBXFileReference; lastKnownFileType = sourcecode.swift; path = PreferencesViewController.swift; sourceTree = "<group>"; };
		CBF6C69727788EAE00548AA8 /* MainToolbar.swift */ = {isa = PBXFileReference; lastKnownFileType = sourcecode.swift; path = MainToolbar.swift; sourceTree = "<group>"; };
		CBF6C69A2778C6F500548AA8 /* MainWindowController.swift */ = {isa = PBXFileReference; lastKnownFileType = sourcecode.swift; path = MainWindowController.swift; sourceTree = "<group>"; };
/* End PBXFileReference section */

/* Begin PBXFrameworksBuildPhase section */
		CBD43E0F27756D3700039737 /* Frameworks */ = {
			isa = PBXFrameworksBuildPhase;
			buildActionMask = 2147483647;
			files = (
				CBD43E69277574F800039737 /* ScratchWebKit in Frameworks */,
			);
			runOnlyForDeploymentPostprocessing = 0;
		};
		CBD43E1527756D3700039737 /* Frameworks */ = {
			isa = PBXFrameworksBuildPhase;
			buildActionMask = 2147483647;
			files = (
				CBD43EB12776037C00039737 /* ScratchWebKit.framework in Frameworks */,
				CBD43ED02776154500039737 /* ScratchLink.framework in Frameworks */,
				CBD43EF02776156700039737 /* PerfectWebSockets.framework in Frameworks */,
			);
			runOnlyForDeploymentPostprocessing = 0;
		};
		CBD43E9C277601FB00039737 /* Frameworks */ = {
			isa = PBXFrameworksBuildPhase;
			buildActionMask = 2147483647;
			files = (
				CBD43F4027761B4400039737 /* ScratchLink.framework in Frameworks */,
			);
			runOnlyForDeploymentPostprocessing = 0;
		};
		CBD43EC72776154500039737 /* Frameworks */ = {
			isa = PBXFrameworksBuildPhase;
			buildActionMask = 2147483647;
			files = (
				CBD43F292776169500039737 /* PerfectWebSockets.framework in Frameworks */,
			);
			runOnlyForDeploymentPostprocessing = 0;
		};
		CBD43EE72776156700039737 /* Frameworks */ = {
			isa = PBXFrameworksBuildPhase;
			buildActionMask = 2147483647;
			files = (
			);
			runOnlyForDeploymentPostprocessing = 0;
		};
/* End PBXFrameworksBuildPhase section */

/* Begin PBXGroup section */
		CBD43E0527756D3400039737 = {
			isa = PBXGroup;
			children = (
				CBD43E0A27756D3500039737 /* Shared */,
				CBD43E2A27756E6B00039737 /* iOS */,
				CBD43E1927756D3700039737 /* macOS */,
				CBD43E1327756D3700039737 /* Products */,
				CBD43E67277574F800039737 /* Frameworks */,
				CBD43E64277574C500039737 /* Packages */,
			);
			sourceTree = "<group>";
		};
		CBD43E0A27756D3500039737 /* Shared */ = {
			isa = PBXGroup;
			children = (
				CBDF31B327C12AF700C71A09 /* LocalDocumentsManager.swift */,
				CBB0358B2796BBCE007F51D2 /* ManagedAppConfig.swift */,
				CBD43E392775748F00039737 /* Preferences.swift */,
				CBDF31AC27C12ABA00C71A09 /* WebViewModel.swift */,
				CBD43E0D27756D3700039737 /* Assets.xcassets */,
				CBD43E3C2775748F00039737 /* en.lproj */,
				CBD43E412775748F00039737 /* ja.lproj */,
			);
			path = Shared;
			sourceTree = "<group>";
		};
		CBD43E1327756D3700039737 /* Products */ = {
			isa = PBXGroup;
			children = (
				CBD43E1227756D3700039737 /* Scrub.app */,
				CBD43E1827756D3700039737 /* Scrub.app */,
				CBD43E9F277601FB00039737 /* ScratchWebKit.framework */,
				CBD43ECA2776154500039737 /* ScratchLink.framework */,
				CBD43EEA2776156700039737 /* PerfectWebSockets.framework */,
			);
			name = Products;
			sourceTree = "<group>";
		};
		CBD43E1927756D3700039737 /* macOS */ = {
			isa = PBXGroup;
			children = (
				CBD43E3527756F6C00039737 /* AppDelegate.swift */,
				CBF6C69727788EAE00548AA8 /* MainToolbar.swift */,
				CBF6C69A2778C6F500548AA8 /* MainWindowController.swift */,
				CBD43E3427756F6C00039737 /* MainViewController.swift */,
				CBDF31B627C1324200C71A09 /* PreferencesViewController.swift */,
				CBD43E3127756F6C00039737 /* Base.lproj */,
				CBD43E1A27756D3700039737 /* macOS.entitlements */,
			);
			path = macOS;
			sourceTree = "<group>";
		};
		CBD43E2A27756E6B00039737 /* iOS */ = {
			isa = PBXGroup;
			children = (
				CBD43E5A277574AE00039737 /* ActivityView.swift */,
				CBD43E59277574AE00039737 /* AlertController.swift */,
				CBD43E56277574AE00039737 /* CircleProgressView.swift */,
				CBD43E5B277574AE00039737 /* MainView.swift */,
				CBD43E54277574AE00039737 /* PreferencesView.swift */,
				CBD43E2D27756F2800039737 /* ScrubApp.swift */,
				CBD43E58277574AE00039737 /* WebView.swift */,
				CBDF31AF27C12AC800C71A09 /* index.html */,
				CBD43E6A2775908000039737 /* Debug */,
				CBD43E6C2775908000039737 /* Release */,
				CBD43E57277574AE00039737 /* Settings.bundle */,
			);
			path = iOS;
			sourceTree = "<group>";
		};
		CBD43E3127756F6C00039737 /* Base.lproj */ = {
			isa = PBXGroup;
			children = (
				CBD43E3227756F6C00039737 /* Main.storyboard */,
				CBDF31A927C1019800C71A09 /* Credits.rtf */,
			);
			path = Base.lproj;
			sourceTree = "<group>";
		};
		CBD43E3C2775748F00039737 /* en.lproj */ = {
			isa = PBXGroup;
			children = (
				CBD43E3D2775748F00039737 /* Localizable.strings */,
				CBD43E3F2775748F00039737 /* InfoPlist.strings */,
			);
			path = en.lproj;
			sourceTree = "<group>";
		};
		CBD43E412775748F00039737 /* ja.lproj */ = {
			isa = PBXGroup;
			children = (
				CBD43E422775748F00039737 /* Localizable.strings */,
				CBD43E442775748F00039737 /* InfoPlist.strings */,
			);
			path = ja.lproj;
			sourceTree = "<group>";
		};
		CBD43E64277574C500039737 /* Packages */ = {
			isa = PBXGroup;
			children = (
				CBD43E65277574C500039737 /* ScratchWebKit */,
			);
			name = Packages;
			sourceTree = "<group>";
		};
		CBD43E67277574F800039737 /* Frameworks */ = {
			isa = PBXGroup;
			children = (
				CBD43EA0277601FB00039737 /* ScratchWebKit */,
				CBD43ECB2776154500039737 /* ScratchLink */,
				CBD43F2E277616EB00039737 /* PerfectWebSockets */,
			);
			name = Frameworks;
			sourceTree = "<group>";
		};
		CBD43E6A2775908000039737 /* Debug */ = {
			isa = PBXGroup;
			children = (
				CBD43E6B2775908000039737 /* Info.plist */,
			);
			path = Debug;
			sourceTree = "<group>";
		};
		CBD43E6C2775908000039737 /* Release */ = {
			isa = PBXGroup;
			children = (
				CBD43E6D2775908000039737 /* Info.plist */,
			);
			path = Release;
			sourceTree = "<group>";
		};
		CBD43EA0277601FB00039737 /* ScratchWebKit */ = {
			isa = PBXGroup;
			children = (
				CBD43F3C27761A7200039737 /* View.swift */,
				CBD43EBB2776137900039737 /* ViewController.swift */,
				CBD43EBA2776137900039737 /* WebViewController.swift */,
				CBD43F3E27761B1200039737 /* ScratchWebViewController.swift */,
				CBD43F4A2776231600039737 /* BundleLoader.swift */,
				CBD43EBD2776137900039737 /* Resources */,
			);
			name = ScratchWebKit;
			path = ScratchWebKit/Sources/ScratchWebKit;
			sourceTree = "<group>";
		};
		CBD43EBD2776137900039737 /* Resources */ = {
			isa = PBXGroup;
			children = (
				CBD43EBE2776137900039737 /* Localizable.strings */,
			);
			path = Resources;
			sourceTree = "<group>";
		};
		CBD43ECB2776154500039737 /* ScratchLink */ = {
			isa = PBXGroup;
			children = (
				CBD43EFD2776160900039737 /* scratch-link */,
				CBD43EF52776160900039737 /* ScratchLink.swift */,
				CBD43EF62776160900039737 /* WebSocket.swift */,
				CBD43EF72776160900039737 /* JavaScriptLoader.swift */,
				CBD43F482776225300039737 /* BundleLoader.swift */,
				CBD43EF82776160900039737 /* Resources */,
			);
			name = ScratchLink;
			path = ScratchLink/Sources/ScratchLink;
			sourceTree = "<group>";
		};
		CBD43EF82776160900039737 /* Resources */ = {
			isa = PBXGroup;
			children = (
				CBD43EF92776160900039737 /* Localizable.strings */,
				CBD43EFC2776160900039737 /* inject-scratch-link.js */,
			);
			path = Resources;
			sourceTree = "<group>";
		};
		CBD43EFD2776160900039737 /* scratch-link */ = {
			isa = PBXGroup;
			children = (
				CBD43F362776172600039737 /* Session.swift */,
				CBD43EFE2776160900039737 /* BLESession.swift */,
				CBD43F002776160900039737 /* JSONRPCError.swift */,
				CBD43F012776160900039737 /* RSSI.swift */,
				CBD43F032776160900039737 /* DispatchSemaphore.swift */,
				CBD43F042776160900039737 /* GATTHelpers.swift */,
				CBD43F072776160900039737 /* IOBluetoothDeviceInquiryDelegateHelper.swift */,
				CBD43F092776160900039737 /* CBCentralManagerDelegateHelper.swift */,
				CBD43F0A2776160900039737 /* EncodingHelpers.swift */,
				CBD43F0B2776160900039737 /* BTSession.swift */,
				CBD43F0C2776160900039737 /* CBPeripheralDelegateHelper.swift */,
			);
			name = "scratch-link";
			path = "scratch-link/macOS/Sources/scratch-link";
			sourceTree = "<group>";
		};
		CBD43F2E277616EB00039737 /* PerfectWebSockets */ = {
			isa = PBXGroup;
			children = (
				CBD43F3A277619EA00039737 /* Dummy.swift */,
			);
			name = PerfectWebSockets;
			path = ScratchLink/Sources/PerfectWebSockets;
			sourceTree = SOURCE_ROOT;
		};
/* End PBXGroup section */

/* Begin PBXHeadersBuildPhase section */
		CBD43E9A277601FB00039737 /* Headers */ = {
			isa = PBXHeadersBuildPhase;
			buildActionMask = 2147483647;
			files = (
			);
			runOnlyForDeploymentPostprocessing = 0;
		};
		CBD43EC52776154500039737 /* Headers */ = {
			isa = PBXHeadersBuildPhase;
			buildActionMask = 2147483647;
			files = (
			);
			runOnlyForDeploymentPostprocessing = 0;
		};
		CBD43EE52776156700039737 /* Headers */ = {
			isa = PBXHeadersBuildPhase;
			buildActionMask = 2147483647;
			files = (
			);
			runOnlyForDeploymentPostprocessing = 0;
		};
/* End PBXHeadersBuildPhase section */

/* Begin PBXNativeTarget section */
		CBD43E1127756D3700039737 /* Scrub (iOS) */ = {
			isa = PBXNativeTarget;
			buildConfigurationList = CBD43E2327756D3700039737 /* Build configuration list for PBXNativeTarget "Scrub (iOS)" */;
			buildPhases = (
				CBD43E0E27756D3700039737 /* Sources */,
				CBD43E0F27756D3700039737 /* Frameworks */,
				CBD43E1027756D3700039737 /* Resources */,
			);
			buildRules = (
			);
			dependencies = (
			);
			name = "Scrub (iOS)";
			packageProductDependencies = (
				CBD43E68277574F800039737 /* ScratchWebKit */,
			);
			productName = "Scrub (iOS)";
			productReference = CBD43E1227756D3700039737 /* Scrub.app */;
			productType = "com.apple.product-type.application";
		};
		CBD43E1727756D3700039737 /* Scrub (macOS) */ = {
			isa = PBXNativeTarget;
			buildConfigurationList = CBD43E2627756D3700039737 /* Build configuration list for PBXNativeTarget "Scrub (macOS)" */;
			buildPhases = (
				CBD43E1427756D3700039737 /* Sources */,
				CBD43E1527756D3700039737 /* Frameworks */,
				CBD43E1627756D3700039737 /* Resources */,
				CBD43EB52776037C00039737 /* Embed Frameworks */,
			);
			buildRules = (
			);
			dependencies = (
				CBD43EB42776037C00039737 /* PBXTargetDependency */,
				CBD43ECF2776154500039737 /* PBXTargetDependency */,
				CBD43EEF2776156700039737 /* PBXTargetDependency */,
			);
			name = "Scrub (macOS)";
			productName = "Scrub (macOS)";
			productReference = CBD43E1827756D3700039737 /* Scrub.app */;
			productType = "com.apple.product-type.application";
		};
		CBD43E9E277601FB00039737 /* ScratchWebKit (macOS) */ = {
			isa = PBXNativeTarget;
			buildConfigurationList = CBD43EA7277601FB00039737 /* Build configuration list for PBXNativeTarget "ScratchWebKit (macOS)" */;
			buildPhases = (
				CBD43E9A277601FB00039737 /* Headers */,
				CBD43E9B277601FB00039737 /* Sources */,
				CBD43E9C277601FB00039737 /* Frameworks */,
				CBD43E9D277601FB00039737 /* Resources */,
				CBD43F4427761B4400039737 /* Embed Frameworks */,
			);
			buildRules = (
			);
			dependencies = (
				CBD43F4327761B4400039737 /* PBXTargetDependency */,
			);
			name = "ScratchWebKit (macOS)";
			productName = ScratchWebKit;
			productReference = CBD43E9F277601FB00039737 /* ScratchWebKit.framework */;
			productType = "com.apple.product-type.framework";
		};
		CBD43EC92776154500039737 /* ScratchLink (macOS) */ = {
			isa = PBXNativeTarget;
			buildConfigurationList = CBD43ED22776154500039737 /* Build configuration list for PBXNativeTarget "ScratchLink (macOS)" */;
			buildPhases = (
				CBD43EC52776154500039737 /* Headers */,
				CBD43EC62776154500039737 /* Sources */,
				CBD43EC72776154500039737 /* Frameworks */,
				CBD43EC82776154500039737 /* Resources */,
				CBD43F2D2776169600039737 /* Embed Frameworks */,
			);
			buildRules = (
			);
			dependencies = (
				CBD43F2C2776169500039737 /* PBXTargetDependency */,
			);
			name = "ScratchLink (macOS)";
			productName = ScratchLink;
			productReference = CBD43ECA2776154500039737 /* ScratchLink.framework */;
			productType = "com.apple.product-type.framework";
		};
		CBD43EE92776156700039737 /* PerfectWebSockets (macOS) */ = {
			isa = PBXNativeTarget;
			buildConfigurationList = CBD43EF22776156700039737 /* Build configuration list for PBXNativeTarget "PerfectWebSockets (macOS)" */;
			buildPhases = (
				CBD43EE52776156700039737 /* Headers */,
				CBD43EE62776156700039737 /* Sources */,
				CBD43EE72776156700039737 /* Frameworks */,
				CBD43EE82776156700039737 /* Resources */,
			);
			buildRules = (
			);
			dependencies = (
			);
			name = "PerfectWebSockets (macOS)";
			productName = PerfectWebSockets;
			productReference = CBD43EEA2776156700039737 /* PerfectWebSockets.framework */;
			productType = "com.apple.product-type.framework";
		};
/* End PBXNativeTarget section */

/* Begin PBXProject section */
		CBD43E0627756D3400039737 /* Project object */ = {
			isa = PBXProject;
			attributes = {
				BuildIndependentTargetsInParallel = 1;
				LastSwiftUpdateCheck = 1320;
				LastUpgradeCheck = 1320;
				TargetAttributes = {
					CBD43E1127756D3700039737 = {
						CreatedOnToolsVersion = 13.2.1;
						LastSwiftMigration = 1320;
					};
					CBD43E1727756D3700039737 = {
						CreatedOnToolsVersion = 13.2.1;
						LastSwiftMigration = 1320;
					};
					CBD43E9E277601FB00039737 = {
						CreatedOnToolsVersion = 13.2.1;
						LastSwiftMigration = 1320;
					};
					CBD43EC92776154500039737 = {
						CreatedOnToolsVersion = 13.2.1;
						LastSwiftMigration = 1320;
					};
					CBD43EE92776156700039737 = {
						CreatedOnToolsVersion = 13.2.1;
						LastSwiftMigration = 1320;
					};
				};
			};
			buildConfigurationList = CBD43E0927756D3400039737 /* Build configuration list for PBXProject "Scrub" */;
			compatibilityVersion = "Xcode 13.0";
			developmentRegion = en;
			hasScannedForEncodings = 0;
			knownRegions = (
				en,
				Base,
				ja,
			);
			mainGroup = CBD43E0527756D3400039737;
			productRefGroup = CBD43E1327756D3700039737 /* Products */;
			projectDirPath = "";
			projectRoot = "";
			targets = (
				CBD43E1127756D3700039737 /* Scrub (iOS) */,
				CBD43E1727756D3700039737 /* Scrub (macOS) */,
				CBD43E9E277601FB00039737 /* ScratchWebKit (macOS) */,
				CBD43EC92776154500039737 /* ScratchLink (macOS) */,
				CBD43EE92776156700039737 /* PerfectWebSockets (macOS) */,
			);
		};
/* End PBXProject section */

/* Begin PBXResourcesBuildPhase section */
		CBD43E1027756D3700039737 /* Resources */ = {
			isa = PBXResourcesBuildPhase;
			buildActionMask = 2147483647;
			files = (
				CBDF31B127C12AC800C71A09 /* index.html in Resources */,
				CBD43E502775748F00039737 /* Localizable.strings in Resources */,
				CBD43E522775748F00039737 /* InfoPlist.strings in Resources */,
				CBD43E1F27756D3700039737 /* Assets.xcassets in Resources */,
				CBD43E4E2775748F00039737 /* InfoPlist.strings in Resources */,
				CBD43E4C2775748F00039737 /* Localizable.strings in Resources */,
				CBD43E5F277574AE00039737 /* Settings.bundle in Resources */,
			);
			runOnlyForDeploymentPostprocessing = 0;
		};
		CBD43E1627756D3700039737 /* Resources */ = {
			isa = PBXResourcesBuildPhase;
			buildActionMask = 2147483647;
			files = (
				CBD43E532775748F00039737 /* InfoPlist.strings in Resources */,
				CBD43E512775748F00039737 /* Localizable.strings in Resources */,
				CBDF31AB27C1019800C71A09 /* Credits.rtf in Resources */,
				CBD43E4D2775748F00039737 /* Localizable.strings in Resources */,
				CBD43E2027756D3700039737 /* Assets.xcassets in Resources */,
				CBD43E3627756F6C00039737 /* Main.storyboard in Resources */,
				CBD43E4F2775748F00039737 /* InfoPlist.strings in Resources */,
			);
			runOnlyForDeploymentPostprocessing = 0;
		};
		CBD43E9D277601FB00039737 /* Resources */ = {
			isa = PBXResourcesBuildPhase;
			buildActionMask = 2147483647;
			files = (
				CBD43EC42776137900039737 /* Localizable.strings in Resources */,
			);
			runOnlyForDeploymentPostprocessing = 0;
		};
		CBD43EC82776154500039737 /* Resources */ = {
			isa = PBXResourcesBuildPhase;
			buildActionMask = 2147483647;
			files = (
				CBD43F112776160900039737 /* inject-scratch-link.js in Resources */,
				CBD43F102776160900039737 /* Localizable.strings in Resources */,
			);
			runOnlyForDeploymentPostprocessing = 0;
		};
		CBD43EE82776156700039737 /* Resources */ = {
			isa = PBXResourcesBuildPhase;
			buildActionMask = 2147483647;
			files = (
			);
			runOnlyForDeploymentPostprocessing = 0;
		};
/* End PBXResourcesBuildPhase section */

/* Begin PBXSourcesBuildPhase section */
		CBD43E0E27756D3700039737 /* Sources */ = {
			isa = PBXSourcesBuildPhase;
			buildActionMask = 2147483647;
			files = (
				CBD43E462775748F00039737 /* Preferences.swift in Sources */,
				CBD43E5C277574AE00039737 /* PreferencesView.swift in Sources */,
				CBD43E2F27756F2800039737 /* ScrubApp.swift in Sources */,
				CBDF31AD27C12ABA00C71A09 /* WebViewModel.swift in Sources */,
				CBD43E63277574AE00039737 /* MainView.swift in Sources */,
				CBD43E61277574AE00039737 /* AlertController.swift in Sources */,
				CBD43E62277574AE00039737 /* ActivityView.swift in Sources */,
				CBB0358C2796BBCE007F51D2 /* ManagedAppConfig.swift in Sources */,
				CBD43E5E277574AE00039737 /* CircleProgressView.swift in Sources */,
				CBD43E60277574AE00039737 /* WebView.swift in Sources */,
				CBDF31B427C12AF700C71A09 /* LocalDocumentsManager.swift in Sources */,
			);
			runOnlyForDeploymentPostprocessing = 0;
		};
		CBD43E1427756D3700039737 /* Sources */ = {
			isa = PBXSourcesBuildPhase;
			buildActionMask = 2147483647;
			files = (
				CBD43E3827756F6C00039737 /* AppDelegate.swift in Sources */,
				CBD43E3727756F6C00039737 /* MainViewController.swift in Sources */,
				CBDF31B727C1324200C71A09 /* PreferencesViewController.swift in Sources */,
				CBF6C69B2778C6F500548AA8 /* MainWindowController.swift in Sources */,
				CBF6C69827788EAE00548AA8 /* MainToolbar.swift in Sources */,
				CBD43E472775748F00039737 /* Preferences.swift in Sources */,
				CBB0358D2796BBCE007F51D2 /* ManagedAppConfig.swift in Sources */,
				CBDF31B527C12AFC00C71A09 /* LocalDocumentsManager.swift in Sources */,
				CBDF31AE27C12ABA00C71A09 /* WebViewModel.swift in Sources */,
			);
			runOnlyForDeploymentPostprocessing = 0;
		};
		CBD43E9B277601FB00039737 /* Sources */ = {
			isa = PBXSourcesBuildPhase;
			buildActionMask = 2147483647;
			files = (
				CBD43F4B2776231600039737 /* BundleLoader.swift in Sources */,
				CBD43EC22776137900039737 /* ViewController.swift in Sources */,
				CBD43EC12776137900039737 /* WebViewController.swift in Sources */,
				CBD43F3F27761B1200039737 /* ScratchWebViewController.swift in Sources */,
				CBD43F3D27761A7200039737 /* View.swift in Sources */,
			);
			runOnlyForDeploymentPostprocessing = 0;
		};
		CBD43EC62776154500039737 /* Sources */ = {
			isa = PBXSourcesBuildPhase;
			buildActionMask = 2147483647;
			files = (
				CBD43F492776225400039737 /* BundleLoader.swift in Sources */,
				CBD43F142776160900039737 /* JSONRPCError.swift in Sources */,
				CBD43F152776160900039737 /* RSSI.swift in Sources */,
				CBD43F1F2776160900039737 /* BTSession.swift in Sources */,
				CBD43F1D2776160900039737 /* CBCentralManagerDelegateHelper.swift in Sources */,
				CBD43F0F2776160900039737 /* JavaScriptLoader.swift in Sources */,
				CBD43F1B2776160900039737 /* IOBluetoothDeviceInquiryDelegateHelper.swift in Sources */,
				CBD43F0D2776160900039737 /* ScratchLink.swift in Sources */,
				CBD43F202776160900039737 /* CBPeripheralDelegateHelper.swift in Sources */,
				CBD43F182776160900039737 /* GATTHelpers.swift in Sources */,
				CBD43F122776160900039737 /* BLESession.swift in Sources */,
				CBD43F172776160900039737 /* DispatchSemaphore.swift in Sources */,
				CBD43F372776172600039737 /* Session.swift in Sources */,
				CBD43F1E2776160900039737 /* EncodingHelpers.swift in Sources */,
				CBD43F0E2776160900039737 /* WebSocket.swift in Sources */,
			);
			runOnlyForDeploymentPostprocessing = 0;
		};
		CBD43EE62776156700039737 /* Sources */ = {
			isa = PBXSourcesBuildPhase;
			buildActionMask = 2147483647;
			files = (
				CBD43F3B277619EA00039737 /* Dummy.swift in Sources */,
			);
			runOnlyForDeploymentPostprocessing = 0;
		};
/* End PBXSourcesBuildPhase section */

/* Begin PBXTargetDependency section */
		CBD43EB42776037C00039737 /* PBXTargetDependency */ = {
			isa = PBXTargetDependency;
			target = CBD43E9E277601FB00039737 /* ScratchWebKit (macOS) */;
			targetProxy = CBD43EB32776037C00039737 /* PBXContainerItemProxy */;
		};
		CBD43ECF2776154500039737 /* PBXTargetDependency */ = {
			isa = PBXTargetDependency;
			target = CBD43EC92776154500039737 /* ScratchLink (macOS) */;
			targetProxy = CBD43ECE2776154500039737 /* PBXContainerItemProxy */;
		};
		CBD43EEF2776156700039737 /* PBXTargetDependency */ = {
			isa = PBXTargetDependency;
			target = CBD43EE92776156700039737 /* PerfectWebSockets (macOS) */;
			targetProxy = CBD43EEE2776156700039737 /* PBXContainerItemProxy */;
		};
		CBD43F2C2776169500039737 /* PBXTargetDependency */ = {
			isa = PBXTargetDependency;
			target = CBD43EE92776156700039737 /* PerfectWebSockets (macOS) */;
			targetProxy = CBD43F2B2776169500039737 /* PBXContainerItemProxy */;
		};
		CBD43F4327761B4400039737 /* PBXTargetDependency */ = {
			isa = PBXTargetDependency;
			target = CBD43EC92776154500039737 /* ScratchLink (macOS) */;
			targetProxy = CBD43F4227761B4400039737 /* PBXContainerItemProxy */;
		};
/* End PBXTargetDependency section */

/* Begin PBXVariantGroup section */
		CBD43E3227756F6C00039737 /* Main.storyboard */ = {
			isa = PBXVariantGroup;
			children = (
				CBD43E3327756F6C00039737 /* Base */,
			);
			name = Main.storyboard;
			sourceTree = "<group>";
		};
		CBD43E3D2775748F00039737 /* Localizable.strings */ = {
			isa = PBXVariantGroup;
			children = (
				CBD43E3E2775748F00039737 /* en */,
			);
			name = Localizable.strings;
			sourceTree = "<group>";
		};
		CBD43E3F2775748F00039737 /* InfoPlist.strings */ = {
			isa = PBXVariantGroup;
			children = (
				CBD43E402775748F00039737 /* en */,
			);
			name = InfoPlist.strings;
			sourceTree = "<group>";
		};
		CBD43E422775748F00039737 /* Localizable.strings */ = {
			isa = PBXVariantGroup;
			children = (
				CBD43E432775748F00039737 /* ja */,
			);
			name = Localizable.strings;
			sourceTree = "<group>";
		};
		CBD43E442775748F00039737 /* InfoPlist.strings */ = {
			isa = PBXVariantGroup;
			children = (
				CBD43E452775748F00039737 /* ja */,
			);
			name = InfoPlist.strings;
			sourceTree = "<group>";
		};
		CBD43EBE2776137900039737 /* Localizable.strings */ = {
			isa = PBXVariantGroup;
			children = (
				CBD43EBF2776137900039737 /* ja */,
				CBD43EC02776137900039737 /* en */,
			);
			name = Localizable.strings;
			sourceTree = "<group>";
		};
		CBD43EF92776160900039737 /* Localizable.strings */ = {
			isa = PBXVariantGroup;
			children = (
				CBD43EFA2776160900039737 /* ja */,
				CBD43EFB2776160900039737 /* en */,
			);
			name = Localizable.strings;
			sourceTree = "<group>";
		};
		CBDF31A927C1019800C71A09 /* Credits.rtf */ = {
			isa = PBXVariantGroup;
			children = (
				CBDF31AA27C1019800C71A09 /* Base */,
			);
			name = Credits.rtf;
			sourceTree = "<group>";
		};
/* End PBXVariantGroup section */

/* Begin XCBuildConfiguration section */
		CBD43E2127756D3700039737 /* Debug */ = {
			isa = XCBuildConfiguration;
			buildSettings = {
				ALWAYS_SEARCH_USER_PATHS = NO;
				CLANG_ANALYZER_NONNULL = YES;
				CLANG_ANALYZER_NUMBER_OBJECT_CONVERSION = YES_AGGRESSIVE;
				CLANG_CXX_LANGUAGE_STANDARD = "gnu++17";
				CLANG_CXX_LIBRARY = "libc++";
				CLANG_ENABLE_MODULES = YES;
				CLANG_ENABLE_OBJC_ARC = YES;
				CLANG_ENABLE_OBJC_WEAK = YES;
				CLANG_WARN_BLOCK_CAPTURE_AUTORELEASING = YES;
				CLANG_WARN_BOOL_CONVERSION = YES;
				CLANG_WARN_COMMA = YES;
				CLANG_WARN_CONSTANT_CONVERSION = YES;
				CLANG_WARN_DEPRECATED_OBJC_IMPLEMENTATIONS = YES;
				CLANG_WARN_DIRECT_OBJC_ISA_USAGE = YES_ERROR;
				CLANG_WARN_DOCUMENTATION_COMMENTS = YES;
				CLANG_WARN_EMPTY_BODY = YES;
				CLANG_WARN_ENUM_CONVERSION = YES;
				CLANG_WARN_INFINITE_RECURSION = YES;
				CLANG_WARN_INT_CONVERSION = YES;
				CLANG_WARN_NON_LITERAL_NULL_CONVERSION = YES;
				CLANG_WARN_OBJC_IMPLICIT_RETAIN_SELF = YES;
				CLANG_WARN_OBJC_LITERAL_CONVERSION = YES;
				CLANG_WARN_OBJC_ROOT_CLASS = YES_ERROR;
				CLANG_WARN_QUOTED_INCLUDE_IN_FRAMEWORK_HEADER = YES;
				CLANG_WARN_RANGE_LOOP_ANALYSIS = YES;
				CLANG_WARN_STRICT_PROTOTYPES = YES;
				CLANG_WARN_SUSPICIOUS_MOVE = YES;
				CLANG_WARN_UNGUARDED_AVAILABILITY = YES_AGGRESSIVE;
				CLANG_WARN_UNREACHABLE_CODE = YES;
				CLANG_WARN__DUPLICATE_METHOD_MATCH = YES;
				COPY_PHASE_STRIP = NO;
				CURRENT_PROJECT_VERSION = 10;
				DEBUG_INFORMATION_FORMAT = dwarf;
				ENABLE_STRICT_OBJC_MSGSEND = YES;
				ENABLE_TESTABILITY = YES;
				GCC_C_LANGUAGE_STANDARD = gnu11;
				GCC_DYNAMIC_NO_PIC = NO;
				GCC_NO_COMMON_BLOCKS = YES;
				GCC_OPTIMIZATION_LEVEL = 0;
				GCC_PREPROCESSOR_DEFINITIONS = (
					"DEBUG=1",
					"$(inherited)",
				);
				GCC_WARN_64_TO_32_BIT_CONVERSION = YES;
				GCC_WARN_ABOUT_RETURN_TYPE = YES_ERROR;
				GCC_WARN_UNDECLARED_SELECTOR = YES;
				GCC_WARN_UNINITIALIZED_AUTOS = YES_AGGRESSIVE;
				GCC_WARN_UNUSED_FUNCTION = YES;
				GCC_WARN_UNUSED_VARIABLE = YES;
				INFOPLIST_KEY_NSBluetoothAlwaysUsageDescription = "App uses Bluetooth to communicate with external devices.";
				INFOPLIST_KEY_NSBluetoothPeripheralUsageDescription = "App uses Bluetooth to communicate with external devices.";
				INFOPLIST_KEY_NSCameraUsageDescription = "App uses the camera to get images.";
				INFOPLIST_KEY_NSMicrophoneUsageDescription = "App uses the microphone to get sounds.";
				INFOPLIST_KEY_NSSpeechRecognitionUsageDescription = "App uses Speech Recognition to recognize your voice.";
				IPHONEOS_DEPLOYMENT_TARGET = 14.5;
				MACOSX_DEPLOYMENT_TARGET = 11.3;
				MARKETING_VERSION = 1.0.6;
				MTL_ENABLE_DEBUG_INFO = INCLUDE_SOURCE;
				MTL_FAST_MATH = YES;
				ONLY_ACTIVE_ARCH = YES;
				PRODUCT_BUNDLE_IDENTIFIER = com.bricklife.scrub;
				SWIFT_ACTIVE_COMPILATION_CONDITIONS = DEBUG;
				SWIFT_OPTIMIZATION_LEVEL = "-Onone";
			};
			name = Debug;
		};
		CBD43E2227756D3700039737 /* Release */ = {
			isa = XCBuildConfiguration;
			buildSettings = {
				ALWAYS_SEARCH_USER_PATHS = NO;
				CLANG_ANALYZER_NONNULL = YES;
				CLANG_ANALYZER_NUMBER_OBJECT_CONVERSION = YES_AGGRESSIVE;
				CLANG_CXX_LANGUAGE_STANDARD = "gnu++17";
				CLANG_CXX_LIBRARY = "libc++";
				CLANG_ENABLE_MODULES = YES;
				CLANG_ENABLE_OBJC_ARC = YES;
				CLANG_ENABLE_OBJC_WEAK = YES;
				CLANG_WARN_BLOCK_CAPTURE_AUTORELEASING = YES;
				CLANG_WARN_BOOL_CONVERSION = YES;
				CLANG_WARN_COMMA = YES;
				CLANG_WARN_CONSTANT_CONVERSION = YES;
				CLANG_WARN_DEPRECATED_OBJC_IMPLEMENTATIONS = YES;
				CLANG_WARN_DIRECT_OBJC_ISA_USAGE = YES_ERROR;
				CLANG_WARN_DOCUMENTATION_COMMENTS = YES;
				CLANG_WARN_EMPTY_BODY = YES;
				CLANG_WARN_ENUM_CONVERSION = YES;
				CLANG_WARN_INFINITE_RECURSION = YES;
				CLANG_WARN_INT_CONVERSION = YES;
				CLANG_WARN_NON_LITERAL_NULL_CONVERSION = YES;
				CLANG_WARN_OBJC_IMPLICIT_RETAIN_SELF = YES;
				CLANG_WARN_OBJC_LITERAL_CONVERSION = YES;
				CLANG_WARN_OBJC_ROOT_CLASS = YES_ERROR;
				CLANG_WARN_QUOTED_INCLUDE_IN_FRAMEWORK_HEADER = YES;
				CLANG_WARN_RANGE_LOOP_ANALYSIS = YES;
				CLANG_WARN_STRICT_PROTOTYPES = YES;
				CLANG_WARN_SUSPICIOUS_MOVE = YES;
				CLANG_WARN_UNGUARDED_AVAILABILITY = YES_AGGRESSIVE;
				CLANG_WARN_UNREACHABLE_CODE = YES;
				CLANG_WARN__DUPLICATE_METHOD_MATCH = YES;
				COPY_PHASE_STRIP = NO;
				CURRENT_PROJECT_VERSION = 10;
				DEBUG_INFORMATION_FORMAT = "dwarf-with-dsym";
				ENABLE_NS_ASSERTIONS = NO;
				ENABLE_STRICT_OBJC_MSGSEND = YES;
				GCC_C_LANGUAGE_STANDARD = gnu11;
				GCC_NO_COMMON_BLOCKS = YES;
				GCC_WARN_64_TO_32_BIT_CONVERSION = YES;
				GCC_WARN_ABOUT_RETURN_TYPE = YES_ERROR;
				GCC_WARN_UNDECLARED_SELECTOR = YES;
				GCC_WARN_UNINITIALIZED_AUTOS = YES_AGGRESSIVE;
				GCC_WARN_UNUSED_FUNCTION = YES;
				GCC_WARN_UNUSED_VARIABLE = YES;
				INFOPLIST_KEY_NSBluetoothAlwaysUsageDescription = "App uses Bluetooth to communicate with external devices.";
				INFOPLIST_KEY_NSBluetoothPeripheralUsageDescription = "App uses Bluetooth to communicate with external devices.";
				INFOPLIST_KEY_NSCameraUsageDescription = "App uses the camera to get images.";
				INFOPLIST_KEY_NSMicrophoneUsageDescription = "App uses the microphone to get sounds.";
				INFOPLIST_KEY_NSSpeechRecognitionUsageDescription = "App uses Speech Recognition to recognize your voice.";
				IPHONEOS_DEPLOYMENT_TARGET = 14.5;
				MACOSX_DEPLOYMENT_TARGET = 11.3;
				MARKETING_VERSION = 1.0.6;
				MTL_ENABLE_DEBUG_INFO = NO;
				MTL_FAST_MATH = YES;
				PRODUCT_BUNDLE_IDENTIFIER = com.bricklife.scrub;
				SWIFT_COMPILATION_MODE = wholemodule;
				SWIFT_OPTIMIZATION_LEVEL = "-O";
			};
			name = Release;
		};
		CBD43E2427756D3700039737 /* Debug */ = {
			isa = XCBuildConfiguration;
			buildSettings = {
				ASSETCATALOG_COMPILER_APPICON_NAME = "AppIcon-iOS";
				ASSETCATALOG_COMPILER_GLOBAL_ACCENT_COLOR_NAME = AccentColor;
				CLANG_ENABLE_MODULES = YES;
				CODE_SIGN_STYLE = Automatic;
				DEVELOPMENT_TEAM = UV6TAX3ANB;
				ENABLE_PREVIEWS = YES;
				GENERATE_INFOPLIST_FILE = YES;
				INFOPLIST_FILE = iOS/Debug/Info.plist;
				INFOPLIST_KEY_UIApplicationSceneManifest_Generation = YES;
				INFOPLIST_KEY_UIApplicationSupportsIndirectInputEvents = YES;
				INFOPLIST_KEY_UILaunchScreen_Generation = YES;
				INFOPLIST_KEY_UISupportedInterfaceOrientations_iPad = "UIInterfaceOrientationPortrait UIInterfaceOrientationPortraitUpsideDown UIInterfaceOrientationLandscapeLeft UIInterfaceOrientationLandscapeRight";
				INFOPLIST_KEY_UISupportedInterfaceOrientations_iPhone = "UIInterfaceOrientationLandscapeRight UIInterfaceOrientationLandscapeLeft";
				LD_RUNPATH_SEARCH_PATHS = (
					"$(inherited)",
					"@executable_path/Frameworks",
				);
				PRODUCT_NAME = Scrub;
				SDKROOT = iphoneos;
				SWIFT_EMIT_LOC_STRINGS = YES;
				SWIFT_OPTIMIZATION_LEVEL = "-Onone";
				SWIFT_VERSION = 5.0;
				TARGETED_DEVICE_FAMILY = 2;
			};
			name = Debug;
		};
		CBD43E2527756D3700039737 /* Release */ = {
			isa = XCBuildConfiguration;
			buildSettings = {
				ASSETCATALOG_COMPILER_APPICON_NAME = "AppIcon-iOS";
				ASSETCATALOG_COMPILER_GLOBAL_ACCENT_COLOR_NAME = AccentColor;
				CLANG_ENABLE_MODULES = YES;
				CODE_SIGN_STYLE = Automatic;
				DEVELOPMENT_TEAM = UV6TAX3ANB;
				ENABLE_PREVIEWS = YES;
				GENERATE_INFOPLIST_FILE = YES;
				INFOPLIST_FILE = iOS/Release/Info.plist;
				INFOPLIST_KEY_UIApplicationSceneManifest_Generation = YES;
				INFOPLIST_KEY_UIApplicationSupportsIndirectInputEvents = YES;
				INFOPLIST_KEY_UILaunchScreen_Generation = YES;
				INFOPLIST_KEY_UISupportedInterfaceOrientations_iPad = "UIInterfaceOrientationPortrait UIInterfaceOrientationPortraitUpsideDown UIInterfaceOrientationLandscapeLeft UIInterfaceOrientationLandscapeRight";
				INFOPLIST_KEY_UISupportedInterfaceOrientations_iPhone = "UIInterfaceOrientationLandscapeRight UIInterfaceOrientationLandscapeLeft";
				LD_RUNPATH_SEARCH_PATHS = (
					"$(inherited)",
					"@executable_path/Frameworks",
				);
				PRODUCT_NAME = Scrub;
				SDKROOT = iphoneos;
				SWIFT_EMIT_LOC_STRINGS = YES;
				SWIFT_VERSION = 5.0;
				TARGETED_DEVICE_FAMILY = 2;
				VALIDATE_PRODUCT = YES;
			};
			name = Release;
		};
		CBD43E2727756D3700039737 /* Debug */ = {
			isa = XCBuildConfiguration;
			buildSettings = {
				ALWAYS_EMBED_SWIFT_STANDARD_LIBRARIES = YES;
				ASSETCATALOG_COMPILER_APPICON_NAME = "AppIcon-macOS";
				ASSETCATALOG_COMPILER_GLOBAL_ACCENT_COLOR_NAME = AccentColor;
				CLANG_ENABLE_MODULES = YES;
				CODE_SIGN_ENTITLEMENTS = macOS/macOS.entitlements;
				CODE_SIGN_STYLE = Automatic;
				COMBINE_HIDPI_IMAGES = YES;
				DEVELOPMENT_TEAM = UV6TAX3ANB;
				ENABLE_HARDENED_RUNTIME = YES;
				ENABLE_PREVIEWS = YES;
				GENERATE_INFOPLIST_FILE = YES;
				INFOPLIST_KEY_NSBluetoothAlwaysUsageDescription = "App uses Bluetooth to communicate with external devices.";
				INFOPLIST_KEY_NSBluetoothPeripheralUsageDescription = "App uses Bluetooth to communicate with external devices.";
				INFOPLIST_KEY_NSCameraUsageDescription = "App uses the camera to get images.";
				INFOPLIST_KEY_NSHumanReadableCopyright = "Copyright © 2021–2022 bricklife.com. All rights reserved.";
				INFOPLIST_KEY_NSMainStoryboardFile = Main;
				INFOPLIST_KEY_NSMicrophoneUsageDescription = "App uses the microphone to get sounds.";
				INFOPLIST_KEY_NSPrincipalClass = NSApplication;
				INFOPLIST_KEY_NSSpeechRecognitionUsageDescription = "App uses Speech Recognition to recognize your voice.";
				LD_RUNPATH_SEARCH_PATHS = (
					"$(inherited)",
					"@executable_path/../Frameworks",
				);
				PRODUCT_NAME = Scrub;
				SDKROOT = macosx;
				SWIFT_EMIT_LOC_STRINGS = YES;
				SWIFT_OPTIMIZATION_LEVEL = "-Onone";
				SWIFT_VERSION = 5.0;
			};
			name = Debug;
		};
		CBD43E2827756D3700039737 /* Release */ = {
			isa = XCBuildConfiguration;
			buildSettings = {
				ALWAYS_EMBED_SWIFT_STANDARD_LIBRARIES = YES;
				ASSETCATALOG_COMPILER_APPICON_NAME = "AppIcon-macOS";
				ASSETCATALOG_COMPILER_GLOBAL_ACCENT_COLOR_NAME = AccentColor;
				CLANG_ENABLE_MODULES = YES;
				CODE_SIGN_ENTITLEMENTS = macOS/macOS.entitlements;
				CODE_SIGN_STYLE = Automatic;
				COMBINE_HIDPI_IMAGES = YES;
				DEVELOPMENT_TEAM = UV6TAX3ANB;
				ENABLE_HARDENED_RUNTIME = YES;
				ENABLE_PREVIEWS = YES;
				GENERATE_INFOPLIST_FILE = YES;
				INFOPLIST_KEY_NSBluetoothAlwaysUsageDescription = "App uses Bluetooth to communicate with external devices.";
				INFOPLIST_KEY_NSBluetoothPeripheralUsageDescription = "App uses Bluetooth to communicate with external devices.";
				INFOPLIST_KEY_NSCameraUsageDescription = "App uses the camera to get images.";
				INFOPLIST_KEY_NSHumanReadableCopyright = "Copyright © 2021–2022 bricklife.com. All rights reserved.";
				INFOPLIST_KEY_NSMainStoryboardFile = Main;
				INFOPLIST_KEY_NSMicrophoneUsageDescription = "App uses the microphone to get sounds.";
				INFOPLIST_KEY_NSPrincipalClass = NSApplication;
				INFOPLIST_KEY_NSSpeechRecognitionUsageDescription = "App uses Speech Recognition to recognize your voice.";
				LD_RUNPATH_SEARCH_PATHS = (
					"$(inherited)",
					"@executable_path/../Frameworks",
				);
				PRODUCT_NAME = Scrub;
				SDKROOT = macosx;
				SWIFT_EMIT_LOC_STRINGS = YES;
				SWIFT_VERSION = 5.0;
			};
			name = Release;
		};
		CBD43EA8277601FB00039737 /* Debug */ = {
			isa = XCBuildConfiguration;
			buildSettings = {
				CLANG_ENABLE_MODULES = YES;
				CODE_SIGN_STYLE = Automatic;
				COMBINE_HIDPI_IMAGES = YES;
				CURRENT_PROJECT_VERSION = 1;
				DEFINES_MODULE = YES;
				DEVELOPMENT_TEAM = UV6TAX3ANB;
				DYLIB_COMPATIBILITY_VERSION = 1;
				DYLIB_CURRENT_VERSION = 1;
				DYLIB_INSTALL_NAME_BASE = "@rpath";
				GENERATE_INFOPLIST_FILE = YES;
				INFOPLIST_KEY_NSHumanReadableCopyright = "";
				INSTALL_PATH = "$(LOCAL_LIBRARY_DIR)/Frameworks";
				LD_RUNPATH_SEARCH_PATHS = (
					"$(inherited)",
					"@executable_path/../Frameworks",
					"@loader_path/Frameworks",
				);
				MARKETING_VERSION = 1.0;
				PRODUCT_BUNDLE_IDENTIFIER = com.bricklife.ScratchWebKit;
				PRODUCT_NAME = ScratchWebKit;
				SDKROOT = macosx;
				SKIP_INSTALL = YES;
				SWIFT_EMIT_LOC_STRINGS = YES;
				SWIFT_OPTIMIZATION_LEVEL = "-Onone";
				SWIFT_VERSION = 5.0;
				VERSIONING_SYSTEM = "apple-generic";
				VERSION_INFO_PREFIX = "";
			};
			name = Debug;
		};
		CBD43EA9277601FB00039737 /* Release */ = {
			isa = XCBuildConfiguration;
			buildSettings = {
				CLANG_ENABLE_MODULES = YES;
				CODE_SIGN_STYLE = Automatic;
				COMBINE_HIDPI_IMAGES = YES;
				CURRENT_PROJECT_VERSION = 1;
				DEFINES_MODULE = YES;
				DEVELOPMENT_TEAM = UV6TAX3ANB;
				DYLIB_COMPATIBILITY_VERSION = 1;
				DYLIB_CURRENT_VERSION = 1;
				DYLIB_INSTALL_NAME_BASE = "@rpath";
				GENERATE_INFOPLIST_FILE = YES;
				INFOPLIST_KEY_NSHumanReadableCopyright = "";
				INSTALL_PATH = "$(LOCAL_LIBRARY_DIR)/Frameworks";
				LD_RUNPATH_SEARCH_PATHS = (
					"$(inherited)",
					"@executable_path/../Frameworks",
					"@loader_path/Frameworks",
				);
				MARKETING_VERSION = 1.0;
				PRODUCT_BUNDLE_IDENTIFIER = com.bricklife.ScratchWebKit;
				PRODUCT_NAME = ScratchWebKit;
				SDKROOT = macosx;
				SKIP_INSTALL = YES;
				SWIFT_EMIT_LOC_STRINGS = YES;
				SWIFT_VERSION = 5.0;
				VERSIONING_SYSTEM = "apple-generic";
				VERSION_INFO_PREFIX = "";
			};
			name = Release;
		};
		CBD43ED32776154500039737 /* Debug */ = {
			isa = XCBuildConfiguration;
			buildSettings = {
				CLANG_ENABLE_MODULES = YES;
				CODE_SIGN_STYLE = Automatic;
				COMBINE_HIDPI_IMAGES = YES;
				CURRENT_PROJECT_VERSION = 1;
				DEFINES_MODULE = YES;
				DEVELOPMENT_TEAM = UV6TAX3ANB;
				DYLIB_COMPATIBILITY_VERSION = 1;
				DYLIB_CURRENT_VERSION = 1;
				DYLIB_INSTALL_NAME_BASE = "@rpath";
				GENERATE_INFOPLIST_FILE = YES;
				INFOPLIST_KEY_NSHumanReadableCopyright = "";
				INSTALL_PATH = "$(LOCAL_LIBRARY_DIR)/Frameworks";
				LD_RUNPATH_SEARCH_PATHS = (
					"$(inherited)",
					"@executable_path/../Frameworks",
					"@loader_path/Frameworks",
				);
				MARKETING_VERSION = 1.0;
				PRODUCT_BUNDLE_IDENTIFIER = com.bricklife.ScratchLink;
				PRODUCT_NAME = ScratchLink;
				SDKROOT = macosx;
				SKIP_INSTALL = YES;
				SWIFT_EMIT_LOC_STRINGS = YES;
				SWIFT_OPTIMIZATION_LEVEL = "-Onone";
				SWIFT_VERSION = 5.0;
				VERSIONING_SYSTEM = "apple-generic";
				VERSION_INFO_PREFIX = "";
			};
			name = Debug;
		};
		CBD43ED42776154500039737 /* Release */ = {
			isa = XCBuildConfiguration;
			buildSettings = {
				CLANG_ENABLE_MODULES = YES;
				CODE_SIGN_STYLE = Automatic;
				COMBINE_HIDPI_IMAGES = YES;
				CURRENT_PROJECT_VERSION = 1;
				DEFINES_MODULE = YES;
				DEVELOPMENT_TEAM = UV6TAX3ANB;
				DYLIB_COMPATIBILITY_VERSION = 1;
				DYLIB_CURRENT_VERSION = 1;
				DYLIB_INSTALL_NAME_BASE = "@rpath";
				GENERATE_INFOPLIST_FILE = YES;
				INFOPLIST_KEY_NSHumanReadableCopyright = "";
				INSTALL_PATH = "$(LOCAL_LIBRARY_DIR)/Frameworks";
				LD_RUNPATH_SEARCH_PATHS = (
					"$(inherited)",
					"@executable_path/../Frameworks",
					"@loader_path/Frameworks",
				);
				MARKETING_VERSION = 1.0;
				PRODUCT_BUNDLE_IDENTIFIER = com.bricklife.ScratchLink;
				PRODUCT_NAME = ScratchLink;
				SDKROOT = macosx;
				SKIP_INSTALL = YES;
				SWIFT_EMIT_LOC_STRINGS = YES;
				SWIFT_VERSION = 5.0;
				VERSIONING_SYSTEM = "apple-generic";
				VERSION_INFO_PREFIX = "";
			};
			name = Release;
		};
		CBD43EF32776156700039737 /* Debug */ = {
			isa = XCBuildConfiguration;
			buildSettings = {
				CLANG_ENABLE_MODULES = YES;
				CODE_SIGN_STYLE = Automatic;
				COMBINE_HIDPI_IMAGES = YES;
				CURRENT_PROJECT_VERSION = 1;
				DEFINES_MODULE = YES;
				DEVELOPMENT_TEAM = UV6TAX3ANB;
				DYLIB_COMPATIBILITY_VERSION = 1;
				DYLIB_CURRENT_VERSION = 1;
				DYLIB_INSTALL_NAME_BASE = "@rpath";
				GENERATE_INFOPLIST_FILE = YES;
				INFOPLIST_KEY_NSHumanReadableCopyright = "";
				INSTALL_PATH = "$(LOCAL_LIBRARY_DIR)/Frameworks";
				LD_RUNPATH_SEARCH_PATHS = (
					"$(inherited)",
					"@executable_path/../Frameworks",
					"@loader_path/Frameworks",
				);
				MARKETING_VERSION = 1.0;
				PRODUCT_BUNDLE_IDENTIFIER = com.bricklife.PerfectWebSockets;
				PRODUCT_NAME = PerfectWebSockets;
				SDKROOT = macosx;
				SKIP_INSTALL = YES;
				SWIFT_EMIT_LOC_STRINGS = YES;
				SWIFT_OPTIMIZATION_LEVEL = "-Onone";
				SWIFT_VERSION = 5.0;
				VERSIONING_SYSTEM = "apple-generic";
				VERSION_INFO_PREFIX = "";
			};
			name = Debug;
		};
		CBD43EF42776156700039737 /* Release */ = {
			isa = XCBuildConfiguration;
			buildSettings = {
				CLANG_ENABLE_MODULES = YES;
				CODE_SIGN_STYLE = Automatic;
				COMBINE_HIDPI_IMAGES = YES;
				CURRENT_PROJECT_VERSION = 1;
				DEFINES_MODULE = YES;
				DEVELOPMENT_TEAM = UV6TAX3ANB;
				DYLIB_COMPATIBILITY_VERSION = 1;
				DYLIB_CURRENT_VERSION = 1;
				DYLIB_INSTALL_NAME_BASE = "@rpath";
				GENERATE_INFOPLIST_FILE = YES;
				INFOPLIST_KEY_NSHumanReadableCopyright = "";
				INSTALL_PATH = "$(LOCAL_LIBRARY_DIR)/Frameworks";
				LD_RUNPATH_SEARCH_PATHS = (
					"$(inherited)",
					"@executable_path/../Frameworks",
					"@loader_path/Frameworks",
				);
				MARKETING_VERSION = 1.0;
				PRODUCT_BUNDLE_IDENTIFIER = com.bricklife.PerfectWebSockets;
				PRODUCT_NAME = PerfectWebSockets;
				SDKROOT = macosx;
				SKIP_INSTALL = YES;
				SWIFT_EMIT_LOC_STRINGS = YES;
				SWIFT_VERSION = 5.0;
				VERSIONING_SYSTEM = "apple-generic";
				VERSION_INFO_PREFIX = "";
			};
			name = Release;
		};
/* End XCBuildConfiguration section */

/* Begin XCConfigurationList section */
		CBD43E0927756D3400039737 /* Build configuration list for PBXProject "Scrub" */ = {
			isa = XCConfigurationList;
			buildConfigurations = (
				CBD43E2127756D3700039737 /* Debug */,
				CBD43E2227756D3700039737 /* Release */,
			);
			defaultConfigurationIsVisible = 0;
			defaultConfigurationName = Release;
		};
		CBD43E2327756D3700039737 /* Build configuration list for PBXNativeTarget "Scrub (iOS)" */ = {
			isa = XCConfigurationList;
			buildConfigurations = (
				CBD43E2427756D3700039737 /* Debug */,
				CBD43E2527756D3700039737 /* Release */,
			);
			defaultConfigurationIsVisible = 0;
			defaultConfigurationName = Release;
		};
		CBD43E2627756D3700039737 /* Build configuration list for PBXNativeTarget "Scrub (macOS)" */ = {
			isa = XCConfigurationList;
			buildConfigurations = (
				CBD43E2727756D3700039737 /* Debug */,
				CBD43E2827756D3700039737 /* Release */,
			);
			defaultConfigurationIsVisible = 0;
			defaultConfigurationName = Release;
		};
		CBD43EA7277601FB00039737 /* Build configuration list for PBXNativeTarget "ScratchWebKit (macOS)" */ = {
			isa = XCConfigurationList;
			buildConfigurations = (
				CBD43EA8277601FB00039737 /* Debug */,
				CBD43EA9277601FB00039737 /* Release */,
			);
			defaultConfigurationIsVisible = 0;
			defaultConfigurationName = Release;
		};
		CBD43ED22776154500039737 /* Build configuration list for PBXNativeTarget "ScratchLink (macOS)" */ = {
			isa = XCConfigurationList;
			buildConfigurations = (
				CBD43ED32776154500039737 /* Debug */,
				CBD43ED42776154500039737 /* Release */,
			);
			defaultConfigurationIsVisible = 0;
			defaultConfigurationName = Release;
		};
		CBD43EF22776156700039737 /* Build configuration list for PBXNativeTarget "PerfectWebSockets (macOS)" */ = {
			isa = XCConfigurationList;
			buildConfigurations = (
				CBD43EF32776156700039737 /* Debug */,
				CBD43EF42776156700039737 /* Release */,
			);
			defaultConfigurationIsVisible = 0;
			defaultConfigurationName = Release;
		};
/* End XCConfigurationList section */

/* Begin XCSwiftPackageProductDependency section */
		CBD43E68277574F800039737 /* ScratchWebKit */ = {
			isa = XCSwiftPackageProductDependency;
			productName = ScratchWebKit;
		};
/* End XCSwiftPackageProductDependency section */
	};
	rootObject = CBD43E0627756D3400039737 /* Project object */;
}
