// !$*UTF8*$!
{
	archiveVersion = 1;
	classes = {
	};
	objectVersion = 52;
	objects = {

/* Begin PBXBuildFile section */
		CB0A07732629E4D4001EF560 /* Preferences.swift in Sources */ = {isa = PBXBuildFile; fileRef = CB0A07722629E4D4001EF560 /* Preferences.swift */; };
		CB0A0777262DC19C001EF560 /* PreferencesView.swift in Sources */ = {isa = PBXBuildFile; fileRef = CB0A0776262DC19C001EF560 /* PreferencesView.swift */; };
		CB0DA92528FB7BC900BAE912 /* MainViewModel.swift in Sources */ = {isa = PBXBuildFile; fileRef = CB0DA92428FB7BC900BAE912 /* MainViewModel.swift */; };
		CB0DA94928FC0E5900BAE912 /* AsyncAlgorithms in Frameworks */ = {isa = PBXBuildFile; productRef = CB0DA94828FC0E5900BAE912 /* AsyncAlgorithms */; };
		CB0DA94B28FC249A00BAE912 /* MainToolBar.swift in Sources */ = {isa = PBXBuildFile; fileRef = CB0DA94A28FC249A00BAE912 /* MainToolBar.swift */; };
		CB1980C5265CEBF900FC9D3D /* InfoPlist.strings in Resources */ = {isa = PBXBuildFile; fileRef = CB1980C3265CEBF900FC9D3D /* InfoPlist.strings */; };
		CB19B7F428FAE92400C3C9A2 /* URL+Extension.swift in Sources */ = {isa = PBXBuildFile; fileRef = CB19B7F328FAE92400C3C9A2 /* URL+Extension.swift */; };
		CB1DAA51262D6EB0007F5531 /* WebViewModel.swift in Sources */ = {isa = PBXBuildFile; fileRef = CB1DAA50262D6EB0007F5531 /* WebViewModel.swift */; };
		CB2F32E62657B3690097ED27 /* index.html in Resources */ = {isa = PBXBuildFile; fileRef = CB2F32E52657B3690097ED27 /* index.html */; };
		CB2F32EB2657CAFB0097ED27 /* LocalDocumentsManager.swift in Sources */ = {isa = PBXBuildFile; fileRef = CB2F32EA2657CAFB0097ED27 /* LocalDocumentsManager.swift */; };
		CB38F043290820EF0009A1CF /* ReloadAndStopButton.swift in Sources */ = {isa = PBXBuildFile; fileRef = CB38F042290820EF0009A1CF /* ReloadAndStopButton.swift */; };
		CB3EE8D4266082D100005ECC /* AlertController.swift in Sources */ = {isa = PBXBuildFile; fileRef = CB3EE8D3266082D100005ECC /* AlertController.swift */; };
		CB3FBCF92605D98C008FE5C2 /* Assets.xcassets in Resources */ = {isa = PBXBuildFile; fileRef = CB3FBCF82605D98C008FE5C2 /* Assets.xcassets */; };
		CB47F3BB2632DF5600C0A7ED /* CircleProgressView.swift in Sources */ = {isa = PBXBuildFile; fileRef = CB47F3BA2632DF5600C0A7ED /* CircleProgressView.swift */; };
		CB485DC927A250D8003C9A68 /* SFUserFriendlySymbols in Frameworks */ = {isa = PBXBuildFile; productRef = CB485DC827A250D8003C9A68 /* SFUserFriendlySymbols */; };
		CB4D940A265772BA007C59AB /* Settings.bundle in Resources */ = {isa = PBXBuildFile; fileRef = CB4D9409265772BA007C59AB /* Settings.bundle */; };
		CB52568F26419776009EE660 /* ActivityView.swift in Sources */ = {isa = PBXBuildFile; fileRef = CB52568E26419776009EE660 /* ActivityView.swift */; };
		CB713FED27749B2A009C63E8 /* ScratchWebKit in Frameworks */ = {isa = PBXBuildFile; productRef = CB713FEC27749B2A009C63E8 /* ScratchWebKit */; };
		CB7D42DB2617096C005C86D0 /* ScrubApp.swift in Sources */ = {isa = PBXBuildFile; fileRef = CB7D42DA2617096C005C86D0 /* ScrubApp.swift */; };
		CB7D42F9261709F4005C86D0 /* MainView.swift in Sources */ = {isa = PBXBuildFile; fileRef = CB7D42F8261709F4005C86D0 /* MainView.swift */; };
		CB7D42FB26170A9E005C86D0 /* WebView.swift in Sources */ = {isa = PBXBuildFile; fileRef = CB7D42FA26170A9E005C86D0 /* WebView.swift */; };
		CB9DA456264826F400459625 /* Localizable.strings in Resources */ = {isa = PBXBuildFile; fileRef = CB9DA458264826F400459625 /* Localizable.strings */; };
		CBB3A77F290A8F6A00B58088 /* MenuButton.swift in Sources */ = {isa = PBXBuildFile; fileRef = CBB3A77E290A8F6A00B58088 /* MenuButton.swift */; };
		CBED6CCC28FE8FB400A6A0E5 /* CustomUrlScheme.swift in Sources */ = {isa = PBXBuildFile; fileRef = CBED6CCB28FE8FB400A6A0E5 /* CustomUrlScheme.swift */; };
		CBF6C69D2779970000548AA8 /* ManagedAppConfig.swift in Sources */ = {isa = PBXBuildFile; fileRef = CBF6C69C2779970000548AA8 /* ManagedAppConfig.swift */; };
/* End PBXBuildFile section */

/* Begin PBXCopyFilesBuildPhase section */
		CBEDE2022605E4D20071628C /* Embed Frameworks */ = {
			isa = PBXCopyFilesBuildPhase;
			buildActionMask = 2147483647;
			dstPath = "";
			dstSubfolderSpec = 10;
			files = (
			);
			name = "Embed Frameworks";
			runOnlyForDeploymentPostprocessing = 0;
		};
/* End PBXCopyFilesBuildPhase section */

/* Begin PBXFileReference section */
		CB0268BD28DB4DCF008BD9BF /* zh-Hans */ = {isa = PBXFileReference; lastKnownFileType = text.plist.strings; name = "zh-Hans"; path = "zh-Hans.lproj/Localizable.strings"; sourceTree = "<group>"; };
		CB0268BE28DB4DCF008BD9BF /* zh-Hans */ = {isa = PBXFileReference; lastKnownFileType = text.plist.strings; name = "zh-Hans"; path = "zh-Hans.lproj/InfoPlist.strings"; sourceTree = "<group>"; };
		CB0A07722629E4D4001EF560 /* Preferences.swift */ = {isa = PBXFileReference; lastKnownFileType = sourcecode.swift; path = Preferences.swift; sourceTree = "<group>"; };
		CB0A0776262DC19C001EF560 /* PreferencesView.swift */ = {isa = PBXFileReference; fileEncoding = 4; lastKnownFileType = sourcecode.swift; path = PreferencesView.swift; sourceTree = "<group>"; };
		CB0DA92428FB7BC900BAE912 /* MainViewModel.swift */ = {isa = PBXFileReference; lastKnownFileType = sourcecode.swift; path = MainViewModel.swift; sourceTree = "<group>"; };
		CB0DA94A28FC249A00BAE912 /* MainToolBar.swift */ = {isa = PBXFileReference; lastKnownFileType = sourcecode.swift; path = MainToolBar.swift; sourceTree = "<group>"; };
		CB1980C4265CEBF900FC9D3D /* en */ = {isa = PBXFileReference; lastKnownFileType = text.plist.strings; name = en; path = en.lproj/InfoPlist.strings; sourceTree = "<group>"; };
		CB1980C6265CEC0100FC9D3D /* ja */ = {isa = PBXFileReference; lastKnownFileType = text.plist.strings; name = ja; path = ja.lproj/InfoPlist.strings; sourceTree = "<group>"; };
		CB19B7F328FAE92400C3C9A2 /* URL+Extension.swift */ = {isa = PBXFileReference; lastKnownFileType = sourcecode.swift; path = "URL+Extension.swift"; sourceTree = "<group>"; };
		CB1DAA50262D6EB0007F5531 /* WebViewModel.swift */ = {isa = PBXFileReference; lastKnownFileType = sourcecode.swift; path = WebViewModel.swift; sourceTree = "<group>"; };
		CB2BAA5328F2C14B004DB543 /* WebMIDIKit */ = {isa = PBXFileReference; lastKnownFileType = wrapper; path = WebMIDIKit; sourceTree = "<group>"; };
		CB2F32E52657B3690097ED27 /* index.html */ = {isa = PBXFileReference; fileEncoding = 4; lastKnownFileType = text.html; path = index.html; sourceTree = "<group>"; };
		CB2F32EA2657CAFB0097ED27 /* LocalDocumentsManager.swift */ = {isa = PBXFileReference; lastKnownFileType = sourcecode.swift; path = LocalDocumentsManager.swift; sourceTree = "<group>"; };
		CB38F042290820EF0009A1CF /* ReloadAndStopButton.swift */ = {isa = PBXFileReference; lastKnownFileType = sourcecode.swift; path = ReloadAndStopButton.swift; sourceTree = "<group>"; };
		CB3EE8D3266082D100005ECC /* AlertController.swift */ = {isa = PBXFileReference; lastKnownFileType = sourcecode.swift; path = AlertController.swift; sourceTree = "<group>"; };
		CB3FBCEC2605D98B008FE5C2 /* Scrub.app */ = {isa = PBXFileReference; explicitFileType = wrapper.application; includeInIndex = 0; path = Scrub.app; sourceTree = BUILT_PRODUCTS_DIR; };
		CB3FBCF82605D98C008FE5C2 /* Assets.xcassets */ = {isa = PBXFileReference; lastKnownFileType = folder.assetcatalog; path = Assets.xcassets; sourceTree = "<group>"; };
		CB47F3BA2632DF5600C0A7ED /* CircleProgressView.swift */ = {isa = PBXFileReference; lastKnownFileType = sourcecode.swift; path = CircleProgressView.swift; sourceTree = "<group>"; };
		CB4D9409265772BA007C59AB /* Settings.bundle */ = {isa = PBXFileReference; lastKnownFileType = "wrapper.plug-in"; path = Settings.bundle; sourceTree = "<group>"; };
		CB52568E26419776009EE660 /* ActivityView.swift */ = {isa = PBXFileReference; lastKnownFileType = sourcecode.swift; path = ActivityView.swift; sourceTree = "<group>"; };
		CB6F7A3C2616E44E007C2230 /* ScratchLink */ = {isa = PBXFileReference; lastKnownFileType = wrapper; path = ScratchLink; sourceTree = "<group>"; };
		CB713FEB27749A79009C63E8 /* ScratchWebKit */ = {isa = PBXFileReference; lastKnownFileType = wrapper; path = ScratchWebKit; sourceTree = "<group>"; };
		CB7D42DA2617096C005C86D0 /* ScrubApp.swift */ = {isa = PBXFileReference; lastKnownFileType = sourcecode.swift; path = ScrubApp.swift; sourceTree = "<group>"; };
		CB7D42F8261709F4005C86D0 /* MainView.swift */ = {isa = PBXFileReference; fileEncoding = 4; lastKnownFileType = sourcecode.swift; path = MainView.swift; sourceTree = "<group>"; };
		CB7D42FA26170A9E005C86D0 /* WebView.swift */ = {isa = PBXFileReference; lastKnownFileType = sourcecode.swift; path = WebView.swift; sourceTree = "<group>"; };
		CB9DA457264826F400459625 /* en */ = {isa = PBXFileReference; lastKnownFileType = text.plist.strings; name = en; path = en.lproj/Localizable.strings; sourceTree = "<group>"; };
		CB9DA4592648274000459625 /* ja */ = {isa = PBXFileReference; lastKnownFileType = text.plist.strings; name = ja; path = ja.lproj/Localizable.strings; sourceTree = "<group>"; };
		CBB3A77E290A8F6A00B58088 /* MenuButton.swift */ = {isa = PBXFileReference; lastKnownFileType = sourcecode.swift; path = MenuButton.swift; sourceTree = "<group>"; };
		CBED6CCB28FE8FB400A6A0E5 /* CustomUrlScheme.swift */ = {isa = PBXFileReference; lastKnownFileType = sourcecode.swift; path = CustomUrlScheme.swift; sourceTree = "<group>"; };
		CBF579B726686AEE00D35D6A /* Info.plist */ = {isa = PBXFileReference; fileEncoding = 4; lastKnownFileType = text.plist.xml; path = Info.plist; sourceTree = "<group>"; };
		CBF579B926686AEE00D35D6A /* Info.plist */ = {isa = PBXFileReference; fileEncoding = 4; lastKnownFileType = text.plist.xml; path = Info.plist; sourceTree = "<group>"; };
		CBF6C69C2779970000548AA8 /* ManagedAppConfig.swift */ = {isa = PBXFileReference; lastKnownFileType = sourcecode.swift; path = ManagedAppConfig.swift; sourceTree = "<group>"; };
/* End PBXFileReference section */

/* Begin PBXFrameworksBuildPhase section */
		CB3FBCE92605D98B008FE5C2 /* Frameworks */ = {
			isa = PBXFrameworksBuildPhase;
			buildActionMask = 2147483647;
			files = (
				CB713FED27749B2A009C63E8 /* ScratchWebKit in Frameworks */,
				CB485DC927A250D8003C9A68 /* SFUserFriendlySymbols in Frameworks */,
				CB0DA94928FC0E5900BAE912 /* AsyncAlgorithms in Frameworks */,
			);
			runOnlyForDeploymentPostprocessing = 0;
		};
/* End PBXFrameworksBuildPhase section */

/* Begin PBXGroup section */
		CB2BAA5228F2C14B004DB543 /* Packages */ = {
			isa = PBXGroup;
			children = (
				CB713FEB27749A79009C63E8 /* ScratchWebKit */,
				CB6F7A3C2616E44E007C2230 /* ScratchLink */,
				CB2BAA5328F2C14B004DB543 /* WebMIDIKit */,
			);
			name = Packages;
			sourceTree = "<group>";
		};
		CB3FBCE32605D98B008FE5C2 = {
			isa = PBXGroup;
			children = (
				CB3FBCEE2605D98B008FE5C2 /* Scrub */,
				CB2BAA5228F2C14B004DB543 /* Packages */,
				CB3FBCED2605D98B008FE5C2 /* Products */,
				CBEDE1EA2605E3F30071628C /* Frameworks */,
			);
			sourceTree = "<group>";
		};
		CB3FBCED2605D98B008FE5C2 /* Products */ = {
			isa = PBXGroup;
			children = (
				CB3FBCEC2605D98B008FE5C2 /* Scrub.app */,
			);
			name = Products;
			sourceTree = "<group>";
		};
		CB3FBCEE2605D98B008FE5C2 /* Scrub */ = {
			isa = PBXGroup;
			children = (
				CB7D42DA2617096C005C86D0 /* ScrubApp.swift */,
				CB0A07722629E4D4001EF560 /* Preferences.swift */,
				CBF6C69C2779970000548AA8 /* ManagedAppConfig.swift */,
				CB19B7F328FAE92400C3C9A2 /* URL+Extension.swift */,
				CBED6CCB28FE8FB400A6A0E5 /* CustomUrlScheme.swift */,
				CB7D42F8261709F4005C86D0 /* MainView.swift */,
				CB0DA92428FB7BC900BAE912 /* MainViewModel.swift */,
				CB0DA94A28FC249A00BAE912 /* MainToolBar.swift */,
				CBB3A77E290A8F6A00B58088 /* MenuButton.swift */,
				CB47F3BA2632DF5600C0A7ED /* CircleProgressView.swift */,
				CB38F042290820EF0009A1CF /* ReloadAndStopButton.swift */,
				CB3EE8D3266082D100005ECC /* AlertController.swift */,
				CB7D42FA26170A9E005C86D0 /* WebView.swift */,
				CB1DAA50262D6EB0007F5531 /* WebViewModel.swift */,
				CB52568E26419776009EE660 /* ActivityView.swift */,
				CB0A0776262DC19C001EF560 /* PreferencesView.swift */,
				CB2F32EA2657CAFB0097ED27 /* LocalDocumentsManager.swift */,
				CB9DA458264826F400459625 /* Localizable.strings */,
				CB3FBCF82605D98C008FE5C2 /* Assets.xcassets */,
				CB2F32E52657B3690097ED27 /* index.html */,
				CBF579B826686AEE00D35D6A /* Debug */,
				CBF579B626686AEE00D35D6A /* Release */,
				CB1980C3265CEBF900FC9D3D /* InfoPlist.strings */,
				CB4D9409265772BA007C59AB /* Settings.bundle */,
			);
			path = Scrub;
			sourceTree = "<group>";
		};
		CBEDE1EA2605E3F30071628C /* Frameworks */ = {
			isa = PBXGroup;
			children = (
			);
			name = Frameworks;
			sourceTree = "<group>";
		};
		CBF579B626686AEE00D35D6A /* Release */ = {
			isa = PBXGroup;
			children = (
				CBF579B726686AEE00D35D6A /* Info.plist */,
			);
			path = Release;
			sourceTree = "<group>";
		};
		CBF579B826686AEE00D35D6A /* Debug */ = {
			isa = PBXGroup;
			children = (
				CBF579B926686AEE00D35D6A /* Info.plist */,
			);
			path = Debug;
			sourceTree = "<group>";
		};
/* End PBXGroup section */

/* Begin PBXNativeTarget section */
		CB3FBCEB2605D98B008FE5C2 /* Scrub */ = {
			isa = PBXNativeTarget;
			buildConfigurationList = CB3FBD002605D98C008FE5C2 /* Build configuration list for PBXNativeTarget "Scrub" */;
			buildPhases = (
				CB3FBCE82605D98B008FE5C2 /* Sources */,
				CB3FBCE92605D98B008FE5C2 /* Frameworks */,
				CB3FBCEA2605D98B008FE5C2 /* Resources */,
				CBEDE2022605E4D20071628C /* Embed Frameworks */,
			);
			buildRules = (
			);
			dependencies = (
			);
			name = Scrub;
			packageProductDependencies = (
				CB713FEC27749B2A009C63E8 /* ScratchWebKit */,
				CB485DC827A250D8003C9A68 /* SFUserFriendlySymbols */,
				CB0DA94828FC0E5900BAE912 /* AsyncAlgorithms */,
			);
			productName = Scrub;
			productReference = CB3FBCEC2605D98B008FE5C2 /* Scrub.app */;
			productType = "com.apple.product-type.application";
		};
/* End PBXNativeTarget section */

/* Begin PBXProject section */
		CB3FBCE42605D98B008FE5C2 /* Project object */ = {
			isa = PBXProject;
			attributes = {
				LastSwiftUpdateCheck = 1240;
				LastUpgradeCheck = 1240;
				TargetAttributes = {
					CB3FBCEB2605D98B008FE5C2 = {
						CreatedOnToolsVersion = 12.4;
						LastSwiftMigration = 1240;
					};
				};
			};
			buildConfigurationList = CB3FBCE72605D98B008FE5C2 /* Build configuration list for PBXProject "Scrub" */;
			compatibilityVersion = "Xcode 9.3";
			developmentRegion = en;
			hasScannedForEncodings = 0;
			knownRegions = (
				en,
				Base,
				ja,
				"zh-Hans",
			);
			mainGroup = CB3FBCE32605D98B008FE5C2;
			packageReferences = (
				CB485DC727A250D8003C9A68 /* XCRemoteSwiftPackageReference "SFUserFriendlySymbols" */,
				CB0DA94728FC0E5900BAE912 /* XCRemoteSwiftPackageReference "swift-async-algorithms" */,
			);
			productRefGroup = CB3FBCED2605D98B008FE5C2 /* Products */;
			projectDirPath = "";
			projectRoot = "";
			targets = (
				CB3FBCEB2605D98B008FE5C2 /* Scrub */,
			);
		};
/* End PBXProject section */

/* Begin PBXResourcesBuildPhase section */
		CB3FBCEA2605D98B008FE5C2 /* Resources */ = {
			isa = PBXResourcesBuildPhase;
			buildActionMask = 2147483647;
			files = (
				CB9DA456264826F400459625 /* Localizable.strings in Resources */,
				CB2F32E62657B3690097ED27 /* index.html in Resources */,
				CB4D940A265772BA007C59AB /* Settings.bundle in Resources */,
				CB3FBCF92605D98C008FE5C2 /* Assets.xcassets in Resources */,
				CB1980C5265CEBF900FC9D3D /* InfoPlist.strings in Resources */,
			);
			runOnlyForDeploymentPostprocessing = 0;
		};
/* End PBXResourcesBuildPhase section */

/* Begin PBXSourcesBuildPhase section */
		CB3FBCE82605D98B008FE5C2 /* Sources */ = {
			isa = PBXSourcesBuildPhase;
			buildActionMask = 2147483647;
			files = (
				CB38F043290820EF0009A1CF /* ReloadAndStopButton.swift in Sources */,
				CB7D42FB26170A9E005C86D0 /* WebView.swift in Sources */,
				CB19B7F428FAE92400C3C9A2 /* URL+Extension.swift in Sources */,
				CB0A0777262DC19C001EF560 /* PreferencesView.swift in Sources */,
				CB7D42F9261709F4005C86D0 /* MainView.swift in Sources */,
				CB47F3BB2632DF5600C0A7ED /* CircleProgressView.swift in Sources */,
				CB0DA92528FB7BC900BAE912 /* MainViewModel.swift in Sources */,
				CB0A07732629E4D4001EF560 /* Preferences.swift in Sources */,
				CB2F32EB2657CAFB0097ED27 /* LocalDocumentsManager.swift in Sources */,
				CBB3A77F290A8F6A00B58088 /* MenuButton.swift in Sources */,
				CB3EE8D4266082D100005ECC /* AlertController.swift in Sources */,
				CBED6CCC28FE8FB400A6A0E5 /* CustomUrlScheme.swift in Sources */,
				CB52568F26419776009EE660 /* ActivityView.swift in Sources */,
				CBF6C69D2779970000548AA8 /* ManagedAppConfig.swift in Sources */,
				CB1DAA51262D6EB0007F5531 /* WebViewModel.swift in Sources */,
				CB0DA94B28FC249A00BAE912 /* MainToolBar.swift in Sources */,
				CB7D42DB2617096C005C86D0 /* ScrubApp.swift in Sources */,
			);
			runOnlyForDeploymentPostprocessing = 0;
		};
/* End PBXSourcesBuildPhase section */

/* Begin PBXVariantGroup section */
		CB1980C3265CEBF900FC9D3D /* InfoPlist.strings */ = {
			isa = PBXVariantGroup;
			children = (
				CB1980C4265CEBF900FC9D3D /* en */,
				CB1980C6265CEC0100FC9D3D /* ja */,
				CB0268BE28DB4DCF008BD9BF /* zh-Hans */,
			);
			name = InfoPlist.strings;
			sourceTree = "<group>";
		};
		CB9DA458264826F400459625 /* Localizable.strings */ = {
			isa = PBXVariantGroup;
			children = (
				CB9DA457264826F400459625 /* en */,
				CB9DA4592648274000459625 /* ja */,
				CB0268BD28DB4DCF008BD9BF /* zh-Hans */,
			);
			name = Localizable.strings;
			sourceTree = "<group>";
		};
/* End PBXVariantGroup section */

/* Begin XCBuildConfiguration section */
		CB3FBCFE2605D98C008FE5C2 /* Debug */ = {
			isa = XCBuildConfiguration;
			buildSettings = {
				ALWAYS_SEARCH_USER_PATHS = NO;
				CLANG_ANALYZER_LOCALIZABILITY_NONLOCALIZED = YES;
				CLANG_ANALYZER_NONNULL = YES;
				CLANG_ANALYZER_NUMBER_OBJECT_CONVERSION = YES_AGGRESSIVE;
				CLANG_CXX_LANGUAGE_STANDARD = "gnu++14";
				CLANG_CXX_LIBRARY = "libc++";
				CLANG_ENABLE_MODULES = YES;
				CLANG_ENABLE_OBJC_ARC = YES;
				CLANG_ENABLE_OBJC_WEAK = YES;
				CLANG_WARN_BLOCK_CAPTURE_AUTORELEASING = YES;
				CLANG_WARN_BOOL_CONVERSION = YES;
				CLANG_WARN_COMMA = YES;
				CLANG_WARN_CONSTANT_CONVERSION = YES;
				CLANG_WARN_DEPRECATED_OBJC_IMPLEMENTATIONS = YES;
				CLANG_WARN_DIRECT_OBJC_ISA_USAGE = YES_ERROR;
				CLANG_WARN_DOCUMENTATION_COMMENTS = YES;
				CLANG_WARN_EMPTY_BODY = YES;
				CLANG_WARN_ENUM_CONVERSION = YES;
				CLANG_WARN_INFINITE_RECURSION = YES;
				CLANG_WARN_INT_CONVERSION = YES;
				CLANG_WARN_NON_LITERAL_NULL_CONVERSION = YES;
				CLANG_WARN_OBJC_IMPLICIT_RETAIN_SELF = YES;
				CLANG_WARN_OBJC_LITERAL_CONVERSION = YES;
				CLANG_WARN_OBJC_ROOT_CLASS = YES_ERROR;
				CLANG_WARN_QUOTED_INCLUDE_IN_FRAMEWORK_HEADER = YES;
				CLANG_WARN_RANGE_LOOP_ANALYSIS = YES;
				CLANG_WARN_STRICT_PROTOTYPES = YES;
				CLANG_WARN_SUSPICIOUS_MOVE = YES;
				CLANG_WARN_UNGUARDED_AVAILABILITY = YES_AGGRESSIVE;
				CLANG_WARN_UNREACHABLE_CODE = YES;
				CLANG_WARN__DUPLICATE_METHOD_MATCH = YES;
				COPY_PHASE_STRIP = NO;
				DEBUG_INFORMATION_FORMAT = dwarf;
				ENABLE_STRICT_OBJC_MSGSEND = YES;
				ENABLE_TESTABILITY = YES;
				GCC_C_LANGUAGE_STANDARD = gnu11;
				GCC_DYNAMIC_NO_PIC = NO;
				GCC_NO_COMMON_BLOCKS = YES;
				GCC_OPTIMIZATION_LEVEL = 0;
				GCC_PREPROCESSOR_DEFINITIONS = (
					"DEBUG=1",
					"$(inherited)",
				);
				GCC_WARN_64_TO_32_BIT_CONVERSION = YES;
				GCC_WARN_ABOUT_RETURN_TYPE = YES_ERROR;
				GCC_WARN_UNDECLARED_SELECTOR = YES;
				GCC_WARN_UNINITIALIZED_AUTOS = YES_AGGRESSIVE;
				GCC_WARN_UNUSED_FUNCTION = YES;
				GCC_WARN_UNUSED_VARIABLE = YES;
				IPHONEOS_DEPLOYMENT_TARGET = 16.0;
				MTL_ENABLE_DEBUG_INFO = INCLUDE_SOURCE;
				MTL_FAST_MATH = YES;
				ONLY_ACTIVE_ARCH = YES;
				SDKROOT = iphoneos;
				SWIFT_ACTIVE_COMPILATION_CONDITIONS = DEBUG;
				SWIFT_OPTIMIZATION_LEVEL = "-Onone";
			};
			name = Debug;
		};
		CB3FBCFF2605D98C008FE5C2 /* Release */ = {
			isa = XCBuildConfiguration;
			buildSettings = {
				ALWAYS_SEARCH_USER_PATHS = NO;
				CLANG_ANALYZER_LOCALIZABILITY_NONLOCALIZED = YES;
				CLANG_ANALYZER_NONNULL = YES;
				CLANG_ANALYZER_NUMBER_OBJECT_CONVERSION = YES_AGGRESSIVE;
				CLANG_CXX_LANGUAGE_STANDARD = "gnu++14";
				CLANG_CXX_LIBRARY = "libc++";
				CLANG_ENABLE_MODULES = YES;
				CLANG_ENABLE_OBJC_ARC = YES;
				CLANG_ENABLE_OBJC_WEAK = YES;
				CLANG_WARN_BLOCK_CAPTURE_AUTORELEASING = YES;
				CLANG_WARN_BOOL_CONVERSION = YES;
				CLANG_WARN_COMMA = YES;
				CLANG_WARN_CONSTANT_CONVERSION = YES;
				CLANG_WARN_DEPRECATED_OBJC_IMPLEMENTATIONS = YES;
				CLANG_WARN_DIRECT_OBJC_ISA_USAGE = YES_ERROR;
				CLANG_WARN_DOCUMENTATION_COMMENTS = YES;
				CLANG_WARN_EMPTY_BODY = YES;
				CLANG_WARN_ENUM_CONVERSION = YES;
				CLANG_WARN_INFINITE_RECURSION = YES;
				CLANG_WARN_INT_CONVERSION = YES;
				CLANG_WARN_NON_LITERAL_NULL_CONVERSION = YES;
				CLANG_WARN_OBJC_IMPLICIT_RETAIN_SELF = YES;
				CLANG_WARN_OBJC_LITERAL_CONVERSION = YES;
				CLANG_WARN_OBJC_ROOT_CLASS = YES_ERROR;
				CLANG_WARN_QUOTED_INCLUDE_IN_FRAMEWORK_HEADER = YES;
				CLANG_WARN_RANGE_LOOP_ANALYSIS = YES;
				CLANG_WARN_STRICT_PROTOTYPES = YES;
				CLANG_WARN_SUSPICIOUS_MOVE = YES;
				CLANG_WARN_UNGUARDED_AVAILABILITY = YES_AGGRESSIVE;
				CLANG_WARN_UNREACHABLE_CODE = YES;
				CLANG_WARN__DUPLICATE_METHOD_MATCH = YES;
				COPY_PHASE_STRIP = NO;
				DEBUG_INFORMATION_FORMAT = "dwarf-with-dsym";
				ENABLE_NS_ASSERTIONS = NO;
				ENABLE_STRICT_OBJC_MSGSEND = YES;
				GCC_C_LANGUAGE_STANDARD = gnu11;
				GCC_NO_COMMON_BLOCKS = YES;
				GCC_WARN_64_TO_32_BIT_CONVERSION = YES;
				GCC_WARN_ABOUT_RETURN_TYPE = YES_ERROR;
				GCC_WARN_UNDECLARED_SELECTOR = YES;
				GCC_WARN_UNINITIALIZED_AUTOS = YES_AGGRESSIVE;
				GCC_WARN_UNUSED_FUNCTION = YES;
				GCC_WARN_UNUSED_VARIABLE = YES;
				IPHONEOS_DEPLOYMENT_TARGET = 16.0;
				MTL_ENABLE_DEBUG_INFO = NO;
				MTL_FAST_MATH = YES;
				SDKROOT = iphoneos;
				SWIFT_COMPILATION_MODE = wholemodule;
				SWIFT_OPTIMIZATION_LEVEL = "-O";
				VALIDATE_PRODUCT = YES;
			};
			name = Release;
		};
		CB3FBD012605D98C008FE5C2 /* Debug */ = {
			isa = XCBuildConfiguration;
			buildSettings = {
				ASSETCATALOG_COMPILER_APPICON_NAME = AppIcon;
				ASSETCATALOG_COMPILER_GLOBAL_ACCENT_COLOR_NAME = AccentColor;
				CLANG_ENABLE_MODULES = YES;
				CODE_SIGN_STYLE = Automatic;
				CURRENT_PROJECT_VERSION = 21;
				DEVELOPMENT_TEAM = UV6TAX3ANB;
				INFOPLIST_FILE = Scrub/Debug/Info.plist;
				LD_RUNPATH_SEARCH_PATHS = (
					"$(inherited)",
					"@executable_path/Frameworks",
				);
				MARKETING_VERSION = 1.1.1;
				PRODUCT_BUNDLE_IDENTIFIER = com.bricklife.scrub;
				PRODUCT_NAME = "$(TARGET_NAME)";
				SWIFT_OPTIMIZATION_LEVEL = "-Onone";
				SWIFT_VERSION = 5.0;
				TARGETED_DEVICE_FAMILY = 2;
			};
			name = Debug;
		};
		CB3FBD022605D98C008FE5C2 /* Release */ = {
			isa = XCBuildConfiguration;
			buildSettings = {
				ASSETCATALOG_COMPILER_APPICON_NAME = AppIcon;
				ASSETCATALOG_COMPILER_GLOBAL_ACCENT_COLOR_NAME = AccentColor;
				CLANG_ENABLE_MODULES = YES;
				CODE_SIGN_STYLE = Automatic;
				CURRENT_PROJECT_VERSION = 21;
				DEVELOPMENT_TEAM = UV6TAX3ANB;
				INFOPLIST_FILE = Scrub/Release/Info.plist;
				LD_RUNPATH_SEARCH_PATHS = (
					"$(inherited)",
					"@executable_path/Frameworks",
				);
				MARKETING_VERSION = 1.1.1;
				PRODUCT_BUNDLE_IDENTIFIER = com.bricklife.scrub;
				PRODUCT_NAME = "$(TARGET_NAME)";
				SWIFT_VERSION = 5.0;
				TARGETED_DEVICE_FAMILY = 2;
			};
			name = Release;
		};
/* End XCBuildConfiguration section */

/* Begin XCConfigurationList section */
		CB3FBCE72605D98B008FE5C2 /* Build configuration list for PBXProject "Scrub" */ = {
			isa = XCConfigurationList;
			buildConfigurations = (
				CB3FBCFE2605D98C008FE5C2 /* Debug */,
				CB3FBCFF2605D98C008FE5C2 /* Release */,
			);
			defaultConfigurationIsVisible = 0;
			defaultConfigurationName = Release;
		};
		CB3FBD002605D98C008FE5C2 /* Build configuration list for PBXNativeTarget "Scrub" */ = {
			isa = XCConfigurationList;
			buildConfigurations = (
				CB3FBD012605D98C008FE5C2 /* Debug */,
				CB3FBD022605D98C008FE5C2 /* Release */,
			);
			defaultConfigurationIsVisible = 0;
			defaultConfigurationName = Release;
		};
/* End XCConfigurationList section */

/* Begin XCRemoteSwiftPackageReference section */
		CB0DA94728FC0E5900BAE912 /* XCRemoteSwiftPackageReference "swift-async-algorithms" */ = {
			isa = XCRemoteSwiftPackageReference;
			repositoryURL = "https://github.com/apple/swift-async-algorithms/";
			requirement = {
				kind = upToNextMajorVersion;
				minimumVersion = 0.0.3;
			};
		};
		CB485DC727A250D8003C9A68 /* XCRemoteSwiftPackageReference "SFUserFriendlySymbols" */ = {
			isa = XCRemoteSwiftPackageReference;
			repositoryURL = "https://github.com/littleossa/SFUserFriendlySymbols";
			requirement = {
				kind = upToNextMajorVersion;
				minimumVersion = 0.1.0;
			};
		};
/* End XCRemoteSwiftPackageReference section */

/* Begin XCSwiftPackageProductDependency section */
		CB0DA94828FC0E5900BAE912 /* AsyncAlgorithms */ = {
			isa = XCSwiftPackageProductDependency;
			package = CB0DA94728FC0E5900BAE912 /* XCRemoteSwiftPackageReference "swift-async-algorithms" */;
			productName = AsyncAlgorithms;
		};
		CB485DC827A250D8003C9A68 /* SFUserFriendlySymbols */ = {
			isa = XCSwiftPackageProductDependency;
			package = CB485DC727A250D8003C9A68 /* XCRemoteSwiftPackageReference "SFUserFriendlySymbols" */;
			productName = SFUserFriendlySymbols;
		};
		CB713FEC27749B2A009C63E8 /* ScratchWebKit */ = {
			isa = XCSwiftPackageProductDependency;
			productName = ScratchWebKit;
		};
/* End XCSwiftPackageProductDependency section */
	};
	rootObject = CB3FBCE42605D98B008FE5C2 /* Project object */;
}
